// !$*UTF8*$!
{
	archiveVersion = 1;
	classes = {
	};
	objectVersion = 48;
	objects = {

/* Begin PBXBuildFile section */
		2365B7AE218C4B13001AF0E1 /* AppDelegate.m in Sources */ = {isa = PBXBuildFile; fileRef = 2365B7AD218C4B13001AF0E1 /* AppDelegate.m */; };
		2365B7B1218C4B13001AF0E1 /* ViewController.m in Sources */ = {isa = PBXBuildFile; fileRef = 2365B7B0218C4B13001AF0E1 /* ViewController.m */; };
		2365B7B4218C4B13001AF0E1 /* Main.storyboard in Resources */ = {isa = PBXBuildFile; fileRef = 2365B7B2218C4B13001AF0E1 /* Main.storyboard */; };
		2365B7B6218C4B14001AF0E1 /* Assets.xcassets in Resources */ = {isa = PBXBuildFile; fileRef = 2365B7B5218C4B14001AF0E1 /* Assets.xcassets */; };
		2365B7B9218C4B14001AF0E1 /* LaunchScreen.storyboard in Resources */ = {isa = PBXBuildFile; fileRef = 2365B7B7218C4B14001AF0E1 /* LaunchScreen.storyboard */; };
		2365B7BC218C4B14001AF0E1 /* main.m in Sources */ = {isa = PBXBuildFile; fileRef = 2365B7BB218C4B14001AF0E1 /* main.m */; };
		2365B7C6218C4B14001AF0E1 /* CustomKeyBoardTests.m in Sources */ = {isa = PBXBuildFile; fileRef = 2365B7C5218C4B14001AF0E1 /* CustomKeyBoardTests.m */; };
		2365B7D1218C4B14001AF0E1 /* CustomKeyBoardUITests.m in Sources */ = {isa = PBXBuildFile; fileRef = 2365B7D0218C4B14001AF0E1 /* CustomKeyBoardUITests.m */; };
		F7A26477218EEC6500674D36 /* XMBasekeyBoardView.m in Sources */ = {isa = PBXBuildFile; fileRef = F7A2644D218EEC6500674D36 /* XMBasekeyBoardView.m */; };
		F7A26478218EEC6500674D36 /* UIView+XMFrame.m in Sources */ = {isa = PBXBuildFile; fileRef = F7A26450218EEC6500674D36 /* UIView+XMFrame.m */; };
		F7A26479218EEC6500674D36 /* XMNumberkeyBoard.m in Sources */ = {isa = PBXBuildFile; fileRef = F7A26453218EEC6500674D36 /* XMNumberkeyBoard.m */; };
		F7A2647A218EEC6500674D36 /* XMWordKeyBoardView.m in Sources */ = {isa = PBXBuildFile; fileRef = F7A26455218EEC6500674D36 /* XMWordKeyBoardView.m */; };
		F7A2647B218EEC6500674D36 /* XMNumStrongKeyBoard.m in Sources */ = {isa = PBXBuildFile; fileRef = F7A26458218EEC6500674D36 /* XMNumStrongKeyBoard.m */; };
		F7A2647C218EEC6500674D36 /* XMKeyBoardView.m in Sources */ = {isa = PBXBuildFile; fileRef = F7A2645A218EEC6500674D36 /* XMKeyBoardView.m */; };
		F7A2647D218EEC6500674D36 /* emoji_touch.png in Resources */ = {isa = PBXBuildFile; fileRef = F7A2645D218EEC6500674D36 /* emoji_touch.png */; };
		F7A2647E218EEC6600674D36 /* c_chaKeyboardButtonSel.png in Resources */ = {isa = PBXBuildFile; fileRef = F7A2645E218EEC6500674D36 /* c_chaKeyboardButtonSel.png */; };
		F7A2647F218EEC6600674D36 /* c_character_keyboardSwitchButton@2x.png in Resources */ = {isa = PBXBuildFile; fileRef = F7A2645F218EEC6500674D36 /* c_character_keyboardSwitchButton@2x.png */; };
		F7A26480218EEC6600674D36 /* c_chaKeyboardShiftButton.png in Resources */ = {isa = PBXBuildFile; fileRef = F7A26460218EEC6500674D36 /* c_chaKeyboardShiftButton.png */; };
		F7A26481218EEC6600674D36 /* c_chaKeyboardShiftButtonSel.png in Resources */ = {isa = PBXBuildFile; fileRef = F7A26461218EEC6500674D36 /* c_chaKeyboardShiftButtonSel.png */; };
		F7A26482218EEC6600674D36 /* CXXshift@2x.png in Resources */ = {isa = PBXBuildFile; fileRef = F7A26462218EEC6500674D36 /* CXXshift@2x.png */; };
		F7A26483218EEC6600674D36 /* c_character_keyboardDeleteButton.png in Resources */ = {isa = PBXBuildFile; fileRef = F7A26463218EEC6500674D36 /* c_character_keyboardDeleteButton.png */; };
		F7A26484218EEC6600674D36 /* c_character_keyboardSwitchButton.png in Resources */ = {isa = PBXBuildFile; fileRef = F7A26464218EEC6500674D36 /* c_character_keyboardSwitchButton.png */; };
		F7A26485218EEC6600674D36 /* c_character_keyboardDeleteButtonSel.png in Resources */ = {isa = PBXBuildFile; fileRef = F7A26465218EEC6500674D36 /* c_character_keyboardDeleteButtonSel.png */; };
		F7A26486218EEC6600674D36 /* newdelete.png in Resources */ = {isa = PBXBuildFile; fileRef = F7A26466218EEC6500674D36 /* newdelete.png */; };
		F7A26487218EEC6600674D36 /* c_character_keyboardSwitchButtonSel@2x.png in Resources */ = {isa = PBXBuildFile; fileRef = F7A26467218EEC6500674D36 /* c_character_keyboardSwitchButtonSel@2x.png */; };
		F7A26488218EEC6600674D36 /* c_character_keyboardDeleteButtonSel@2x.png in Resources */ = {isa = PBXBuildFile; fileRef = F7A26468218EEC6500674D36 /* c_character_keyboardDeleteButtonSel@2x.png */; };
		F7A26489218EEC6600674D36 /* c_chaKeyboardShiftButtonSel@2x.png in Resources */ = {isa = PBXBuildFile; fileRef = F7A26469218EEC6500674D36 /* c_chaKeyboardShiftButtonSel@2x.png */; };
		F7A2648A218EEC6600674D36 /* newcapsLock.png in Resources */ = {isa = PBXBuildFile; fileRef = F7A2646A218EEC6500674D36 /* newcapsLock.png */; };
		F7A2648B218EEC6600674D36 /* emoji_touch@2x.png in Resources */ = {isa = PBXBuildFile; fileRef = F7A2646B218EEC6500674D36 /* emoji_touch@2x.png */; };
		F7A2648C218EEC6600674D36 /* newdelete@2x.png in Resources */ = {isa = PBXBuildFile; fileRef = F7A2646C218EEC6500674D36 /* newdelete@2x.png */; };
		F7A2648D218EEC6600674D36 /* c_chaKeyboardShiftButton@2x.png in Resources */ = {isa = PBXBuildFile; fileRef = F7A2646D218EEC6500674D36 /* c_chaKeyboardShiftButton@2x.png */; };
		F7A2648E218EEC6600674D36 /* c_chaKeyboardButton.png in Resources */ = {isa = PBXBuildFile; fileRef = F7A2646E218EEC6500674D36 /* c_chaKeyboardButton.png */; };
		F7A2648F218EEC6600674D36 /* newdelete@3x.png in Resources */ = {isa = PBXBuildFile; fileRef = F7A2646F218EEC6500674D36 /* newdelete@3x.png */; };
		F7A26490218EEC6600674D36 /* c_chaKeyboardButtonSel@2x.png in Resources */ = {isa = PBXBuildFile; fileRef = F7A26470218EEC6500674D36 /* c_chaKeyboardButtonSel@2x.png */; };
		F7A26491218EEC6600674D36 /* c_character_keyboardDeleteButton@2x.png in Resources */ = {isa = PBXBuildFile; fileRef = F7A26471218EEC6500674D36 /* c_character_keyboardDeleteButton@2x.png */; };
		F7A26492218EEC6600674D36 /* newcapsLock@2x.png in Resources */ = {isa = PBXBuildFile; fileRef = F7A26472218EEC6500674D36 /* newcapsLock@2x.png */; };
		F7A26493218EEC6600674D36 /* c_character_keyboardSwitchButtonSel.png in Resources */ = {isa = PBXBuildFile; fileRef = F7A26473218EEC6500674D36 /* c_character_keyboardSwitchButtonSel.png */; };
		F7A26494218EEC6600674D36 /* c_chaKeyboardButton@2x.png in Resources */ = {isa = PBXBuildFile; fileRef = F7A26474218EEC6500674D36 /* c_chaKeyboardButton@2x.png */; };
		F7A26495218EEC6600674D36 /* newcapsLock@3x.png in Resources */ = {isa = PBXBuildFile; fileRef = F7A26475218EEC6500674D36 /* newcapsLock@3x.png */; };
/* End PBXBuildFile section */

/* Begin PBXContainerItemProxy section */
		2365B7C2218C4B14001AF0E1 /* PBXContainerItemProxy */ = {
			isa = PBXContainerItemProxy;
			containerPortal = 2365B7A1218C4B13001AF0E1 /* Project object */;
			proxyType = 1;
			remoteGlobalIDString = 2365B7A8218C4B13001AF0E1;
			remoteInfo = CustomKeyBoard;
		};
		2365B7CD218C4B14001AF0E1 /* PBXContainerItemProxy */ = {
			isa = PBXContainerItemProxy;
			containerPortal = 2365B7A1218C4B13001AF0E1 /* Project object */;
			proxyType = 1;
			remoteGlobalIDString = 2365B7A8218C4B13001AF0E1;
			remoteInfo = CustomKeyBoard;
		};
/* End PBXContainerItemProxy section */

/* Begin PBXFileReference section */
		2365B7A9218C4B13001AF0E1 /* CustomKeyBoard.app */ = {isa = PBXFileReference; explicitFileType = wrapper.application; includeInIndex = 0; path = CustomKeyBoard.app; sourceTree = BUILT_PRODUCTS_DIR; };
		2365B7AC218C4B13001AF0E1 /* AppDelegate.h */ = {isa = PBXFileReference; lastKnownFileType = sourcecode.c.h; path = AppDelegate.h; sourceTree = "<group>"; };
		2365B7AD218C4B13001AF0E1 /* AppDelegate.m */ = {isa = PBXFileReference; lastKnownFileType = sourcecode.c.objc; path = AppDelegate.m; sourceTree = "<group>"; };
		2365B7AF218C4B13001AF0E1 /* ViewController.h */ = {isa = PBXFileReference; lastKnownFileType = sourcecode.c.h; path = ViewController.h; sourceTree = "<group>"; };
		2365B7B0218C4B13001AF0E1 /* ViewController.m */ = {isa = PBXFileReference; lastKnownFileType = sourcecode.c.objc; path = ViewController.m; sourceTree = "<group>"; };
		2365B7B3218C4B13001AF0E1 /* Base */ = {isa = PBXFileReference; lastKnownFileType = file.storyboard; name = Base; path = Base.lproj/Main.storyboard; sourceTree = "<group>"; };
		2365B7B5218C4B14001AF0E1 /* Assets.xcassets */ = {isa = PBXFileReference; lastKnownFileType = folder.assetcatalog; path = Assets.xcassets; sourceTree = "<group>"; };
		2365B7B8218C4B14001AF0E1 /* Base */ = {isa = PBXFileReference; lastKnownFileType = file.storyboard; name = Base; path = Base.lproj/LaunchScreen.storyboard; sourceTree = "<group>"; };
		2365B7BA218C4B14001AF0E1 /* Info.plist */ = {isa = PBXFileReference; lastKnownFileType = text.plist.xml; path = Info.plist; sourceTree = "<group>"; };
		2365B7BB218C4B14001AF0E1 /* main.m */ = {isa = PBXFileReference; lastKnownFileType = sourcecode.c.objc; path = main.m; sourceTree = "<group>"; };
		2365B7C1218C4B14001AF0E1 /* CustomKeyBoardTests.xctest */ = {isa = PBXFileReference; explicitFileType = wrapper.cfbundle; includeInIndex = 0; path = CustomKeyBoardTests.xctest; sourceTree = BUILT_PRODUCTS_DIR; };
		2365B7C5218C4B14001AF0E1 /* CustomKeyBoardTests.m */ = {isa = PBXFileReference; lastKnownFileType = sourcecode.c.objc; path = CustomKeyBoardTests.m; sourceTree = "<group>"; };
		2365B7C7218C4B14001AF0E1 /* Info.plist */ = {isa = PBXFileReference; lastKnownFileType = text.plist.xml; path = Info.plist; sourceTree = "<group>"; };
		2365B7CC218C4B14001AF0E1 /* CustomKeyBoardUITests.xctest */ = {isa = PBXFileReference; explicitFileType = wrapper.cfbundle; includeInIndex = 0; path = CustomKeyBoardUITests.xctest; sourceTree = BUILT_PRODUCTS_DIR; };
		2365B7D0218C4B14001AF0E1 /* CustomKeyBoardUITests.m */ = {isa = PBXFileReference; lastKnownFileType = sourcecode.c.objc; path = CustomKeyBoardUITests.m; sourceTree = "<group>"; };
		2365B7D2218C4B14001AF0E1 /* Info.plist */ = {isa = PBXFileReference; lastKnownFileType = text.plist.xml; path = Info.plist; sourceTree = "<group>"; };
		F7A2644C218EEC6500674D36 /* XMBasekeyBoardView.h */ = {isa = PBXFileReference; fileEncoding = 4; lastKnownFileType = sourcecode.c.h; path = XMBasekeyBoardView.h; sourceTree = "<group>"; };
		F7A2644D218EEC6500674D36 /* XMBasekeyBoardView.m */ = {isa = PBXFileReference; fileEncoding = 4; lastKnownFileType = sourcecode.c.objc; path = XMBasekeyBoardView.m; sourceTree = "<group>"; };
		F7A2644F218EEC6500674D36 /* UIView+XMFrame.h */ = {isa = PBXFileReference; fileEncoding = 4; lastKnownFileType = sourcecode.c.h; path = "UIView+XMFrame.h"; sourceTree = "<group>"; };
		F7A26450218EEC6500674D36 /* UIView+XMFrame.m */ = {isa = PBXFileReference; fileEncoding = 4; lastKnownFileType = sourcecode.c.objc; path = "UIView+XMFrame.m"; sourceTree = "<group>"; };
		F7A26452218EEC6500674D36 /* XMNumberkeyBoard.h */ = {isa = PBXFileReference; fileEncoding = 4; lastKnownFileType = sourcecode.c.h; path = XMNumberkeyBoard.h; sourceTree = "<group>"; };
		F7A26453218EEC6500674D36 /* XMNumberkeyBoard.m */ = {isa = PBXFileReference; fileEncoding = 4; lastKnownFileType = sourcecode.c.objc; path = XMNumberkeyBoard.m; sourceTree = "<group>"; };
		F7A26455218EEC6500674D36 /* XMWordKeyBoardView.m */ = {isa = PBXFileReference; fileEncoding = 4; lastKnownFileType = sourcecode.c.objc; path = XMWordKeyBoardView.m; sourceTree = "<group>"; };
		F7A26456218EEC6500674D36 /* XMWordKeyBoardView.h */ = {isa = PBXFileReference; fileEncoding = 4; lastKnownFileType = sourcecode.c.h; path = XMWordKeyBoardView.h; sourceTree = "<group>"; };
		F7A26458218EEC6500674D36 /* XMNumStrongKeyBoard.m */ = {isa = PBXFileReference; fileEncoding = 4; lastKnownFileType = sourcecode.c.objc; path = XMNumStrongKeyBoard.m; sourceTree = "<group>"; };
		F7A26459218EEC6500674D36 /* XMNumStrongKeyBoard.h */ = {isa = PBXFileReference; fileEncoding = 4; lastKnownFileType = sourcecode.c.h; path = XMNumStrongKeyBoard.h; sourceTree = "<group>"; };
		F7A2645A218EEC6500674D36 /* XMKeyBoardView.m */ = {isa = PBXFileReference; fileEncoding = 4; lastKnownFileType = sourcecode.c.objc; path = XMKeyBoardView.m; sourceTree = "<group>"; };
		F7A2645B218EEC6500674D36 /* XMKeyBoardHeader.h */ = {isa = PBXFileReference; fileEncoding = 4; lastKnownFileType = sourcecode.c.h; path = XMKeyBoardHeader.h; sourceTree = "<group>"; };
		F7A2645D218EEC6500674D36 /* emoji_touch.png */ = {isa = PBXFileReference; lastKnownFileType = image.png; path = emoji_touch.png; sourceTree = "<group>"; };
		F7A2645E218EEC6500674D36 /* c_chaKeyboardButtonSel.png */ = {isa = PBXFileReference; lastKnownFileType = image.png; path = c_chaKeyboardButtonSel.png; sourceTree = "<group>"; };
		F7A2645F218EEC6500674D36 /* c_character_keyboardSwitchButton@2x.png */ = {isa = PBXFileReference; lastKnownFileType = image.png; path = "c_character_keyboardSwitchButton@2x.png"; sourceTree = "<group>"; };
		F7A26460218EEC6500674D36 /* c_chaKeyboardShiftButton.png */ = {isa = PBXFileReference; lastKnownFileType = image.png; path = c_chaKeyboardShiftButton.png; sourceTree = "<group>"; };
		F7A26461218EEC6500674D36 /* c_chaKeyboardShiftButtonSel.png */ = {isa = PBXFileReference; lastKnownFileType = image.png; path = c_chaKeyboardShiftButtonSel.png; sourceTree = "<group>"; };
		F7A26462218EEC6500674D36 /* CXXshift@2x.png */ = {isa = PBXFileReference; lastKnownFileType = image.png; path = "CXXshift@2x.png"; sourceTree = "<group>"; };
		F7A26463218EEC6500674D36 /* c_character_keyboardDeleteButton.png */ = {isa = PBXFileReference; lastKnownFileType = image.png; path = c_character_keyboardDeleteButton.png; sourceTree = "<group>"; };
		F7A26464218EEC6500674D36 /* c_character_keyboardSwitchButton.png */ = {isa = PBXFileReference; lastKnownFileType = image.png; path = c_character_keyboardSwitchButton.png; sourceTree = "<group>"; };
		F7A26465218EEC6500674D36 /* c_character_keyboardDeleteButtonSel.png */ = {isa = PBXFileReference; lastKnownFileType = image.png; path = c_character_keyboardDeleteButtonSel.png; sourceTree = "<group>"; };
		F7A26466218EEC6500674D36 /* newdelete.png */ = {isa = PBXFileReference; lastKnownFileType = image.png; path = newdelete.png; sourceTree = "<group>"; };
		F7A26467218EEC6500674D36 /* c_character_keyboardSwitchButtonSel@2x.png */ = {isa = PBXFileReference; lastKnownFileType = image.png; path = "c_character_keyboardSwitchButtonSel@2x.png"; sourceTree = "<group>"; };
		F7A26468218EEC6500674D36 /* c_character_keyboardDeleteButtonSel@2x.png */ = {isa = PBXFileReference; lastKnownFileType = image.png; path = "c_character_keyboardDeleteButtonSel@2x.png"; sourceTree = "<group>"; };
		F7A26469218EEC6500674D36 /* c_chaKeyboardShiftButtonSel@2x.png */ = {isa = PBXFileReference; lastKnownFileType = image.png; path = "c_chaKeyboardShiftButtonSel@2x.png"; sourceTree = "<group>"; };
		F7A2646A218EEC6500674D36 /* newcapsLock.png */ = {isa = PBXFileReference; lastKnownFileType = image.png; path = newcapsLock.png; sourceTree = "<group>"; };
		F7A2646B218EEC6500674D36 /* emoji_touch@2x.png */ = {isa = PBXFileReference; lastKnownFileType = image.png; path = "emoji_touch@2x.png"; sourceTree = "<group>"; };
		F7A2646C218EEC6500674D36 /* newdelete@2x.png */ = {isa = PBXFileReference; lastKnownFileType = image.png; path = "newdelete@2x.png"; sourceTree = "<group>"; };
		F7A2646D218EEC6500674D36 /* c_chaKeyboardShiftButton@2x.png */ = {isa = PBXFileReference; lastKnownFileType = image.png; path = "c_chaKeyboardShiftButton@2x.png"; sourceTree = "<group>"; };
		F7A2646E218EEC6500674D36 /* c_chaKeyboardButton.png */ = {isa = PBXFileReference; lastKnownFileType = image.png; path = c_chaKeyboardButton.png; sourceTree = "<group>"; };
		F7A2646F218EEC6500674D36 /* newdelete@3x.png */ = {isa = PBXFileReference; lastKnownFileType = image.png; path = "newdelete@3x.png"; sourceTree = "<group>"; };
		F7A26470218EEC6500674D36 /* c_chaKeyboardButtonSel@2x.png */ = {isa = PBXFileReference; lastKnownFileType = image.png; path = "c_chaKeyboardButtonSel@2x.png"; sourceTree = "<group>"; };
		F7A26471218EEC6500674D36 /* c_character_keyboardDeleteButton@2x.png */ = {isa = PBXFileReference; lastKnownFileType = image.png; path = "c_character_keyboardDeleteButton@2x.png"; sourceTree = "<group>"; };
		F7A26472218EEC6500674D36 /* newcapsLock@2x.png */ = {isa = PBXFileReference; lastKnownFileType = image.png; path = "newcapsLock@2x.png"; sourceTree = "<group>"; };
		F7A26473218EEC6500674D36 /* c_character_keyboardSwitchButtonSel.png */ = {isa = PBXFileReference; lastKnownFileType = image.png; path = c_character_keyboardSwitchButtonSel.png; sourceTree = "<group>"; };
		F7A26474218EEC6500674D36 /* c_chaKeyboardButton@2x.png */ = {isa = PBXFileReference; lastKnownFileType = image.png; path = "c_chaKeyboardButton@2x.png"; sourceTree = "<group>"; };
		F7A26475218EEC6500674D36 /* newcapsLock@3x.png */ = {isa = PBXFileReference; lastKnownFileType = image.png; path = "newcapsLock@3x.png"; sourceTree = "<group>"; };
		F7A26476218EEC6500674D36 /* XMKeyBoardView.h */ = {isa = PBXFileReference; fileEncoding = 4; lastKnownFileType = sourcecode.c.h; path = XMKeyBoardView.h; sourceTree = "<group>"; };
/* End PBXFileReference section */

/* Begin PBXFrameworksBuildPhase section */
		2365B7A6218C4B13001AF0E1 /* Frameworks */ = {
			isa = PBXFrameworksBuildPhase;
			buildActionMask = 2147483647;
			files = (
			);
			runOnlyForDeploymentPostprocessing = 0;
		};
		2365B7BE218C4B14001AF0E1 /* Frameworks */ = {
			isa = PBXFrameworksBuildPhase;
			buildActionMask = 2147483647;
			files = (
			);
			runOnlyForDeploymentPostprocessing = 0;
		};
		2365B7C9218C4B14001AF0E1 /* Frameworks */ = {
			isa = PBXFrameworksBuildPhase;
			buildActionMask = 2147483647;
			files = (
			);
			runOnlyForDeploymentPostprocessing = 0;
		};
/* End PBXFrameworksBuildPhase section */

/* Begin PBXGroup section */
		2365B7A0218C4B13001AF0E1 = {
			isa = PBXGroup;
			children = (
				F7A26449218EEC6500674D36 /* Classes */,
				2365B7AB218C4B13001AF0E1 /* CustomKeyBoard */,
				2365B7C4218C4B14001AF0E1 /* CustomKeyBoardTests */,
				2365B7CF218C4B14001AF0E1 /* CustomKeyBoardUITests */,
				2365B7AA218C4B13001AF0E1 /* Products */,
			);
			sourceTree = "<group>";
		};
		2365B7AA218C4B13001AF0E1 /* Products */ = {
			isa = PBXGroup;
			children = (
				2365B7A9218C4B13001AF0E1 /* CustomKeyBoard.app */,
				2365B7C1218C4B14001AF0E1 /* CustomKeyBoardTests.xctest */,
				2365B7CC218C4B14001AF0E1 /* CustomKeyBoardUITests.xctest */,
			);
			name = Products;
			sourceTree = "<group>";
		};
		2365B7AB218C4B13001AF0E1 /* CustomKeyBoard */ = {
			isa = PBXGroup;
			children = (
				2365B7AC218C4B13001AF0E1 /* AppDelegate.h */,
				2365B7AD218C4B13001AF0E1 /* AppDelegate.m */,
				2365B7AF218C4B13001AF0E1 /* ViewController.h */,
				2365B7B0218C4B13001AF0E1 /* ViewController.m */,
				2365B7B2218C4B13001AF0E1 /* Main.storyboard */,
				2365B7B5218C4B14001AF0E1 /* Assets.xcassets */,
				2365B7B7218C4B14001AF0E1 /* LaunchScreen.storyboard */,
				2365B7BA218C4B14001AF0E1 /* Info.plist */,
				2365B7BB218C4B14001AF0E1 /* main.m */,
			);
			path = CustomKeyBoard;
			sourceTree = "<group>";
		};
		2365B7C4218C4B14001AF0E1 /* CustomKeyBoardTests */ = {
			isa = PBXGroup;
			children = (
				2365B7C5218C4B14001AF0E1 /* CustomKeyBoardTests.m */,
				2365B7C7218C4B14001AF0E1 /* Info.plist */,
			);
			path = CustomKeyBoardTests;
			sourceTree = "<group>";
		};
		2365B7CF218C4B14001AF0E1 /* CustomKeyBoardUITests */ = {
			isa = PBXGroup;
			children = (
				2365B7D0218C4B14001AF0E1 /* CustomKeyBoardUITests.m */,
				2365B7D2218C4B14001AF0E1 /* Info.plist */,
			);
			path = CustomKeyBoardUITests;
			sourceTree = "<group>";
		};
		F7A26449218EEC6500674D36 /* Classes */ = {
			isa = PBXGroup;
			children = (
				F7A2644A218EEC6500674D36 /* CXXkeyBoard */,
			);
			path = Classes;
			sourceTree = SOURCE_ROOT;
		};
		F7A2644A218EEC6500674D36 /* CXXkeyBoard */ = {
			isa = PBXGroup;
			children = (
				F7A2644B218EEC6500674D36 /* CXXBaseKeyBoard */,
				F7A2644E218EEC6500674D36 /* Tools */,
				F7A26451218EEC6500674D36 /* NumKeyboard */,
				F7A26454218EEC6500674D36 /* WordKeyBoard */,
				F7A26457218EEC6500674D36 /* NumStrongKeyBoard */,
				F7A2645A218EEC6500674D36 /* XMKeyBoardView.m */,
				F7A2645B218EEC6500674D36 /* XMKeyBoardHeader.h */,
				F7A2645C218EEC6500674D36 /* KeyBoardSource */,
				F7A26476218EEC6500674D36 /* XMKeyBoardView.h */,
			);
			path = CXXkeyBoard;
			sourceTree = "<group>";
		};
		F7A2644B218EEC6500674D36 /* CXXBaseKeyBoard */ = {
			isa = PBXGroup;
			children = (
				F7A2644C218EEC6500674D36 /* XMBasekeyBoardView.h */,
				F7A2644D218EEC6500674D36 /* XMBasekeyBoardView.m */,
			);
			path = CXXBaseKeyBoard;
			sourceTree = "<group>";
		};
		F7A2644E218EEC6500674D36 /* Tools */ = {
			isa = PBXGroup;
			children = (
				F7A2644F218EEC6500674D36 /* UIView+XMFrame.h */,
				F7A26450218EEC6500674D36 /* UIView+XMFrame.m */,
			);
			path = Tools;
			sourceTree = "<group>";
		};
		F7A26451218EEC6500674D36 /* NumKeyboard */ = {
			isa = PBXGroup;
			children = (
				F7A26452218EEC6500674D36 /* XMNumberkeyBoard.h */,
				F7A26453218EEC6500674D36 /* XMNumberkeyBoard.m */,
			);
			path = NumKeyboard;
			sourceTree = "<group>";
		};
		F7A26454218EEC6500674D36 /* WordKeyBoard */ = {
			isa = PBXGroup;
			children = (
				F7A26455218EEC6500674D36 /* XMWordKeyBoardView.m */,
				F7A26456218EEC6500674D36 /* XMWordKeyBoardView.h */,
			);
			path = WordKeyBoard;
			sourceTree = "<group>";
		};
		F7A26457218EEC6500674D36 /* NumStrongKeyBoard */ = {
			isa = PBXGroup;
			children = (
				F7A26458218EEC6500674D36 /* XMNumStrongKeyBoard.m */,
				F7A26459218EEC6500674D36 /* XMNumStrongKeyBoard.h */,
			);
			path = NumStrongKeyBoard;
			sourceTree = "<group>";
		};
		F7A2645C218EEC6500674D36 /* KeyBoardSource */ = {
			isa = PBXGroup;
			children = (
				F7A2645D218EEC6500674D36 /* emoji_touch.png */,
				F7A2645E218EEC6500674D36 /* c_chaKeyboardButtonSel.png */,
				F7A2645F218EEC6500674D36 /* c_character_keyboardSwitchButton@2x.png */,
				F7A26460218EEC6500674D36 /* c_chaKeyboardShiftButton.png */,
				F7A26461218EEC6500674D36 /* c_chaKeyboardShiftButtonSel.png */,
				F7A26462218EEC6500674D36 /* CXXshift@2x.png */,
				F7A26463218EEC6500674D36 /* c_character_keyboardDeleteButton.png */,
				F7A26464218EEC6500674D36 /* c_character_keyboardSwitchButton.png */,
				F7A26465218EEC6500674D36 /* c_character_keyboardDeleteButtonSel.png */,
				F7A26466218EEC6500674D36 /* newdelete.png */,
				F7A26467218EEC6500674D36 /* c_character_keyboardSwitchButtonSel@2x.png */,
				F7A26468218EEC6500674D36 /* c_character_keyboardDeleteButtonSel@2x.png */,
				F7A26469218EEC6500674D36 /* c_chaKeyboardShiftButtonSel@2x.png */,
				F7A2646A218EEC6500674D36 /* newcapsLock.png */,
				F7A2646B218EEC6500674D36 /* emoji_touch@2x.png */,
				F7A2646C218EEC6500674D36 /* newdelete@2x.png */,
				F7A2646D218EEC6500674D36 /* c_chaKeyboardShiftButton@2x.png */,
				F7A2646E218EEC6500674D36 /* c_chaKeyboardButton.png */,
				F7A2646F218EEC6500674D36 /* newdelete@3x.png */,
				F7A26470218EEC6500674D36 /* c_chaKeyboardButtonSel@2x.png */,
				F7A26471218EEC6500674D36 /* c_character_keyboardDeleteButton@2x.png */,
				F7A26472218EEC6500674D36 /* newcapsLock@2x.png */,
				F7A26473218EEC6500674D36 /* c_character_keyboardSwitchButtonSel.png */,
				F7A26474218EEC6500674D36 /* c_chaKeyboardButton@2x.png */,
				F7A26475218EEC6500674D36 /* newcapsLock@3x.png */,
			);
			path = KeyBoardSource;
			sourceTree = "<group>";
		};
/* End PBXGroup section */

/* Begin PBXNativeTarget section */
		2365B7A8218C4B13001AF0E1 /* CustomKeyBoard */ = {
			isa = PBXNativeTarget;
			buildConfigurationList = 2365B7D5218C4B14001AF0E1 /* Build configuration list for PBXNativeTarget "CustomKeyBoard" */;
			buildPhases = (
				2365B7A5218C4B13001AF0E1 /* Sources */,
				2365B7A6218C4B13001AF0E1 /* Frameworks */,
				2365B7A7218C4B13001AF0E1 /* Resources */,
			);
			buildRules = (
			);
			dependencies = (
			);
			name = CustomKeyBoard;
			productName = CustomKeyBoard;
			productReference = 2365B7A9218C4B13001AF0E1 /* CustomKeyBoard.app */;
			productType = "com.apple.product-type.application";
		};
		2365B7C0218C4B14001AF0E1 /* CustomKeyBoardTests */ = {
			isa = PBXNativeTarget;
			buildConfigurationList = 2365B7D8218C4B14001AF0E1 /* Build configuration list for PBXNativeTarget "CustomKeyBoardTests" */;
			buildPhases = (
				2365B7BD218C4B14001AF0E1 /* Sources */,
				2365B7BE218C4B14001AF0E1 /* Frameworks */,
				2365B7BF218C4B14001AF0E1 /* Resources */,
			);
			buildRules = (
			);
			dependencies = (
				2365B7C3218C4B14001AF0E1 /* PBXTargetDependency */,
			);
			name = CustomKeyBoardTests;
			productName = CustomKeyBoardTests;
			productReference = 2365B7C1218C4B14001AF0E1 /* CustomKeyBoardTests.xctest */;
			productType = "com.apple.product-type.bundle.unit-test";
		};
		2365B7CB218C4B14001AF0E1 /* CustomKeyBoardUITests */ = {
			isa = PBXNativeTarget;
			buildConfigurationList = 2365B7DB218C4B14001AF0E1 /* Build configuration list for PBXNativeTarget "CustomKeyBoardUITests" */;
			buildPhases = (
				2365B7C8218C4B14001AF0E1 /* Sources */,
				2365B7C9218C4B14001AF0E1 /* Frameworks */,
				2365B7CA218C4B14001AF0E1 /* Resources */,
			);
			buildRules = (
			);
			dependencies = (
				2365B7CE218C4B14001AF0E1 /* PBXTargetDependency */,
			);
			name = CustomKeyBoardUITests;
			productName = CustomKeyBoardUITests;
			productReference = 2365B7CC218C4B14001AF0E1 /* CustomKeyBoardUITests.xctest */;
			productType = "com.apple.product-type.bundle.ui-testing";
		};
/* End PBXNativeTarget section */

/* Begin PBXProject section */
		2365B7A1218C4B13001AF0E1 /* Project object */ = {
			isa = PBXProject;
			attributes = {
				LastUpgradeCheck = 0940;
				ORGANIZATIONNAME = "风吹裤衩";
				TargetAttributes = {
					2365B7A8218C4B13001AF0E1 = {
						CreatedOnToolsVersion = 9.4.1;
						ProvisioningStyle = Automatic;
					};
					2365B7C0218C4B14001AF0E1 = {
						CreatedOnToolsVersion = 9.4.1;
						ProvisioningStyle = Automatic;
						TestTargetID = 2365B7A8218C4B13001AF0E1;
					};
					2365B7CB218C4B14001AF0E1 = {
						CreatedOnToolsVersion = 9.4.1;
						ProvisioningStyle = Automatic;
						TestTargetID = 2365B7A8218C4B13001AF0E1;
					};
				};
			};
			buildConfigurationList = 2365B7A4218C4B13001AF0E1 /* Build configuration list for PBXProject "CustomKeyBoard" */;
			compatibilityVersion = "Xcode 8.0";
			developmentRegion = en;
			hasScannedForEncodings = 0;
			knownRegions = (
				en,
				Base,
			);
			mainGroup = 2365B7A0218C4B13001AF0E1;
			productRefGroup = 2365B7AA218C4B13001AF0E1 /* Products */;
			projectDirPath = "";
			projectRoot = "";
			targets = (
				2365B7A8218C4B13001AF0E1 /* CustomKeyBoard */,
				2365B7C0218C4B14001AF0E1 /* CustomKeyBoardTests */,
				2365B7CB218C4B14001AF0E1 /* CustomKeyBoardUITests */,
			);
		};
/* End PBXProject section */

/* Begin PBXResourcesBuildPhase section */
		2365B7A7218C4B13001AF0E1 /* Resources */ = {
			isa = PBXResourcesBuildPhase;
			buildActionMask = 2147483647;
			files = (
				F7A26488218EEC6600674D36 /* c_character_keyboardDeleteButtonSel@2x.png in Resources */,
				F7A2648D218EEC6600674D36 /* c_chaKeyboardShiftButton@2x.png in Resources */,
				F7A26495218EEC6600674D36 /* newcapsLock@3x.png in Resources */,
				F7A26491218EEC6600674D36 /* c_character_keyboardDeleteButton@2x.png in Resources */,
				F7A26482218EEC6600674D36 /* CXXshift@2x.png in Resources */,
				F7A2647E218EEC6600674D36 /* c_chaKeyboardButtonSel.png in Resources */,
				F7A2647D218EEC6500674D36 /* emoji_touch.png in Resources */,
				2365B7B9218C4B14001AF0E1 /* LaunchScreen.storyboard in Resources */,
				F7A2648A218EEC6600674D36 /* newcapsLock.png in Resources */,
				F7A26487218EEC6600674D36 /* c_character_keyboardSwitchButtonSel@2x.png in Resources */,
				F7A26484218EEC6600674D36 /* c_character_keyboardSwitchButton.png in Resources */,
				F7A2648F218EEC6600674D36 /* newdelete@3x.png in Resources */,
				2365B7B6218C4B14001AF0E1 /* Assets.xcassets in Resources */,
				F7A2648E218EEC6600674D36 /* c_chaKeyboardButton.png in Resources */,
				F7A26483218EEC6600674D36 /* c_character_keyboardDeleteButton.png in Resources */,
				2365B7B4218C4B13001AF0E1 /* Main.storyboard in Resources */,
				F7A2648B218EEC6600674D36 /* emoji_touch@2x.png in Resources */,
				F7A26492218EEC6600674D36 /* newcapsLock@2x.png in Resources */,
				F7A26485218EEC6600674D36 /* c_character_keyboardDeleteButtonSel.png in Resources */,
				F7A26480218EEC6600674D36 /* c_chaKeyboardShiftButton.png in Resources */,
				F7A26489218EEC6600674D36 /* c_chaKeyboardShiftButtonSel@2x.png in Resources */,
				F7A26494218EEC6600674D36 /* c_chaKeyboardButton@2x.png in Resources */,
				F7A2648C218EEC6600674D36 /* newdelete@2x.png in Resources */,
				F7A26493218EEC6600674D36 /* c_character_keyboardSwitchButtonSel.png in Resources */,
				F7A26486218EEC6600674D36 /* newdelete.png in Resources */,
				F7A26490218EEC6600674D36 /* c_chaKeyboardButtonSel@2x.png in Resources */,
				F7A2647F218EEC6600674D36 /* c_character_keyboardSwitchButton@2x.png in Resources */,
				F7A26481218EEC6600674D36 /* c_chaKeyboardShiftButtonSel.png in Resources */,
			);
			runOnlyForDeploymentPostprocessing = 0;
		};
		2365B7BF218C4B14001AF0E1 /* Resources */ = {
			isa = PBXResourcesBuildPhase;
			buildActionMask = 2147483647;
			files = (
			);
			runOnlyForDeploymentPostprocessing = 0;
		};
		2365B7CA218C4B14001AF0E1 /* Resources */ = {
			isa = PBXResourcesBuildPhase;
			buildActionMask = 2147483647;
			files = (
			);
			runOnlyForDeploymentPostprocessing = 0;
		};
/* End PBXResourcesBuildPhase section */

/* Begin PBXSourcesBuildPhase section */
		2365B7A5218C4B13001AF0E1 /* Sources */ = {
			isa = PBXSourcesBuildPhase;
			buildActionMask = 2147483647;
			files = (
				F7A26478218EEC6500674D36 /* UIView+XMFrame.m in Sources */,
				2365B7B1218C4B13001AF0E1 /* ViewController.m in Sources */,
				F7A26479218EEC6500674D36 /* XMNumberkeyBoard.m in Sources */,
				F7A2647B218EEC6500674D36 /* XMNumStrongKeyBoard.m in Sources */,
				F7A2647C218EEC6500674D36 /* XMKeyBoardView.m in Sources */,
				2365B7BC218C4B14001AF0E1 /* main.m in Sources */,
				2365B7AE218C4B13001AF0E1 /* AppDelegate.m in Sources */,
				F7A2647A218EEC6500674D36 /* XMWordKeyBoardView.m in Sources */,
				F7A26477218EEC6500674D36 /* XMBasekeyBoardView.m in Sources */,
			);
			runOnlyForDeploymentPostprocessing = 0;
		};
		2365B7BD218C4B14001AF0E1 /* Sources */ = {
			isa = PBXSourcesBuildPhase;
			buildActionMask = 2147483647;
			files = (
				2365B7C6218C4B14001AF0E1 /* CustomKeyBoardTests.m in Sources */,
			);
			runOnlyForDeploymentPostprocessing = 0;
		};
		2365B7C8218C4B14001AF0E1 /* Sources */ = {
			isa = PBXSourcesBuildPhase;
			buildActionMask = 2147483647;
			files = (
				2365B7D1218C4B14001AF0E1 /* CustomKeyBoardUITests.m in Sources */,
			);
			runOnlyForDeploymentPostprocessing = 0;
		};
/* End PBXSourcesBuildPhase section */

/* Begin PBXTargetDependency section */
		2365B7C3218C4B14001AF0E1 /* PBXTargetDependency */ = {
			isa = PBXTargetDependency;
			target = 2365B7A8218C4B13001AF0E1 /* CustomKeyBoard */;
			targetProxy = 2365B7C2218C4B14001AF0E1 /* PBXContainerItemProxy */;
		};
		2365B7CE218C4B14001AF0E1 /* PBXTargetDependency */ = {
			isa = PBXTargetDependency;
			target = 2365B7A8218C4B13001AF0E1 /* CustomKeyBoard */;
			targetProxy = 2365B7CD218C4B14001AF0E1 /* PBXContainerItemProxy */;
		};
/* End PBXTargetDependency section */

/* Begin PBXVariantGroup section */
		2365B7B2218C4B13001AF0E1 /* Main.storyboard */ = {
			isa = PBXVariantGroup;
			children = (
				2365B7B3218C4B13001AF0E1 /* Base */,
			);
			name = Main.storyboard;
			sourceTree = "<group>";
		};
		2365B7B7218C4B14001AF0E1 /* LaunchScreen.storyboard */ = {
			isa = PBXVariantGroup;
			children = (
				2365B7B8218C4B14001AF0E1 /* Base */,
			);
			name = LaunchScreen.storyboard;
			sourceTree = "<group>";
		};
/* End PBXVariantGroup section */

/* Begin XCBuildConfiguration section */
		2365B7D3218C4B14001AF0E1 /* Debug */ = {
			isa = XCBuildConfiguration;
			buildSettings = {
				ALWAYS_SEARCH_USER_PATHS = NO;
				CLANG_ANALYZER_NONNULL = YES;
				CLANG_ANALYZER_NUMBER_OBJECT_CONVERSION = YES_AGGRESSIVE;
				CLANG_CXX_LANGUAGE_STANDARD = "gnu++14";
				CLANG_CXX_LIBRARY = "libc++";
				CLANG_ENABLE_MODULES = YES;
				CLANG_ENABLE_OBJC_ARC = YES;
				CLANG_ENABLE_OBJC_WEAK = YES;
				CLANG_WARN_BLOCK_CAPTURE_AUTORELEASING = YES;
				CLANG_WARN_BOOL_CONVERSION = YES;
				CLANG_WARN_COMMA = YES;
				CLANG_WARN_CONSTANT_CONVERSION = YES;
				CLANG_WARN_DEPRECATED_OBJC_IMPLEMENTATIONS = YES;
				CLANG_WARN_DIRECT_OBJC_ISA_USAGE = YES_ERROR;
				CLANG_WARN_DOCUMENTATION_COMMENTS = YES;
				CLANG_WARN_EMPTY_BODY = YES;
				CLANG_WARN_ENUM_CONVERSION = YES;
				CLANG_WARN_INFINITE_RECURSION = YES;
				CLANG_WARN_INT_CONVERSION = YES;
				CLANG_WARN_NON_LITERAL_NULL_CONVERSION = YES;
				CLANG_WARN_OBJC_IMPLICIT_RETAIN_SELF = YES;
				CLANG_WARN_OBJC_LITERAL_CONVERSION = YES;
				CLANG_WARN_OBJC_ROOT_CLASS = YES_ERROR;
				CLANG_WARN_RANGE_LOOP_ANALYSIS = YES;
				CLANG_WARN_STRICT_PROTOTYPES = YES;
				CLANG_WARN_SUSPICIOUS_MOVE = YES;
				CLANG_WARN_UNGUARDED_AVAILABILITY = YES_AGGRESSIVE;
				CLANG_WARN_UNREACHABLE_CODE = YES;
				CLANG_WARN__DUPLICATE_METHOD_MATCH = YES;
				CODE_SIGN_IDENTITY = "iPhone Developer";
				COPY_PHASE_STRIP = NO;
				DEBUG_INFORMATION_FORMAT = dwarf;
				ENABLE_STRICT_OBJC_MSGSEND = YES;
				ENABLE_TESTABILITY = YES;
				GCC_C_LANGUAGE_STANDARD = gnu11;
				GCC_DYNAMIC_NO_PIC = NO;
				GCC_NO_COMMON_BLOCKS = YES;
				GCC_OPTIMIZATION_LEVEL = 0;
				GCC_PREPROCESSOR_DEFINITIONS = (
					"DEBUG=1",
					"$(inherited)",
				);
				GCC_WARN_64_TO_32_BIT_CONVERSION = YES;
				GCC_WARN_ABOUT_RETURN_TYPE = YES_ERROR;
				GCC_WARN_UNDECLARED_SELECTOR = YES;
				GCC_WARN_UNINITIALIZED_AUTOS = YES_AGGRESSIVE;
				GCC_WARN_UNUSED_FUNCTION = YES;
				GCC_WARN_UNUSED_VARIABLE = YES;
				IPHONEOS_DEPLOYMENT_TARGET = 11.4;
				MTL_ENABLE_DEBUG_INFO = YES;
				ONLY_ACTIVE_ARCH = YES;
				SDKROOT = iphoneos;
			};
			name = Debug;
		};
		2365B7D4218C4B14001AF0E1 /* Release */ = {
			isa = XCBuildConfiguration;
			buildSettings = {
				ALWAYS_SEARCH_USER_PATHS = NO;
				CLANG_ANALYZER_NONNULL = YES;
				CLANG_ANALYZER_NUMBER_OBJECT_CONVERSION = YES_AGGRESSIVE;
				CLANG_CXX_LANGUAGE_STANDARD = "gnu++14";
				CLANG_CXX_LIBRARY = "libc++";
				CLANG_ENABLE_MODULES = YES;
				CLANG_ENABLE_OBJC_ARC = YES;
				CLANG_ENABLE_OBJC_WEAK = YES;
				CLANG_WARN_BLOCK_CAPTURE_AUTORELEASING = YES;
				CLANG_WARN_BOOL_CONVERSION = YES;
				CLANG_WARN_COMMA = YES;
				CLANG_WARN_CONSTANT_CONVERSION = YES;
				CLANG_WARN_DEPRECATED_OBJC_IMPLEMENTATIONS = YES;
				CLANG_WARN_DIRECT_OBJC_ISA_USAGE = YES_ERROR;
				CLANG_WARN_DOCUMENTATION_COMMENTS = YES;
				CLANG_WARN_EMPTY_BODY = YES;
				CLANG_WARN_ENUM_CONVERSION = YES;
				CLANG_WARN_INFINITE_RECURSION = YES;
				CLANG_WARN_INT_CONVERSION = YES;
				CLANG_WARN_NON_LITERAL_NULL_CONVERSION = YES;
				CLANG_WARN_OBJC_IMPLICIT_RETAIN_SELF = YES;
				CLANG_WARN_OBJC_LITERAL_CONVERSION = YES;
				CLANG_WARN_OBJC_ROOT_CLASS = YES_ERROR;
				CLANG_WARN_RANGE_LOOP_ANALYSIS = YES;
				CLANG_WARN_STRICT_PROTOTYPES = YES;
				CLANG_WARN_SUSPICIOUS_MOVE = YES;
				CLANG_WARN_UNGUARDED_AVAILABILITY = YES_AGGRESSIVE;
				CLANG_WARN_UNREACHABLE_CODE = YES;
				CLANG_WARN__DUPLICATE_METHOD_MATCH = YES;
				CODE_SIGN_IDENTITY = "iPhone Developer";
				COPY_PHASE_STRIP = NO;
				DEBUG_INFORMATION_FORMAT = "dwarf-with-dsym";
				ENABLE_NS_ASSERTIONS = NO;
				ENABLE_STRICT_OBJC_MSGSEND = YES;
				GCC_C_LANGUAGE_STANDARD = gnu11;
				GCC_NO_COMMON_BLOCKS = YES;
				GCC_WARN_64_TO_32_BIT_CONVERSION = YES;
				GCC_WARN_ABOUT_RETURN_TYPE = YES_ERROR;
				GCC_WARN_UNDECLARED_SELECTOR = YES;
				GCC_WARN_UNINITIALIZED_AUTOS = YES_AGGRESSIVE;
				GCC_WARN_UNUSED_FUNCTION = YES;
				GCC_WARN_UNUSED_VARIABLE = YES;
				IPHONEOS_DEPLOYMENT_TARGET = 11.4;
				MTL_ENABLE_DEBUG_INFO = NO;
				SDKROOT = iphoneos;
				VALIDATE_PRODUCT = YES;
			};
			name = Release;
		};
		2365B7D6218C4B14001AF0E1 /* Debug */ = {
			isa = XCBuildConfiguration;
			buildSettings = {
				ASSETCATALOG_COMPILER_APPICON_NAME = AppIcon;
				CODE_SIGN_STYLE = Automatic;
				DEVELOPMENT_TEAM = 6UAH7AEBRN;
				INFOPLIST_FILE = CustomKeyBoard/Info.plist;
				IPHONEOS_DEPLOYMENT_TARGET = 8.0;
				LD_RUNPATH_SEARCH_PATHS = "$(inherited) @executable_path/Frameworks";
				PRODUCT_BUNDLE_IDENTIFIER = com.chexiaoxi.xishare.CustomKeyBoard;
				PRODUCT_NAME = "$(TARGET_NAME)";
				TARGETED_DEVICE_FAMILY = "1,2";
			};
			name = Debug;
		};
		2365B7D7218C4B14001AF0E1 /* Release */ = {
			isa = XCBuildConfiguration;
			buildSettings = {
				ASSETCATALOG_COMPILER_APPICON_NAME = AppIcon;
				CODE_SIGN_STYLE = Automatic;
				DEVELOPMENT_TEAM = 6UAH7AEBRN;
				INFOPLIST_FILE = CustomKeyBoard/Info.plist;
				IPHONEOS_DEPLOYMENT_TARGET = 8.0;
				LD_RUNPATH_SEARCH_PATHS = "$(inherited) @executable_path/Frameworks";
				PRODUCT_BUNDLE_IDENTIFIER = com.chexiaoxi.xishare.CustomKeyBoard;
				PRODUCT_NAME = "$(TARGET_NAME)";
				TARGETED_DEVICE_FAMILY = "1,2";
			};
			name = Release;
		};
		2365B7D9218C4B14001AF0E1 /* Debug */ = {
			isa = XCBuildConfiguration;
			buildSettings = {
				BUNDLE_LOADER = "$(TEST_HOST)";
				CODE_SIGN_STYLE = Automatic;
				DEVELOPMENT_TEAM = HN267Y6RQZ;
				INFOPLIST_FILE = CustomKeyBoardTests/Info.plist;
				LD_RUNPATH_SEARCH_PATHS = "$(inherited) @executable_path/Frameworks @loader_path/Frameworks";
				PRODUCT_BUNDLE_IDENTIFIER = com.chexiaoxi.xishare.CustomKeyBoardTests;
				PRODUCT_NAME = "$(TARGET_NAME)";
				TARGETED_DEVICE_FAMILY = "1,2";
				TEST_HOST = "$(BUILT_PRODUCTS_DIR)/CustomKeyBoard.app/CustomKeyBoard";
			};
			name = Debug;
		};
		2365B7DA218C4B14001AF0E1 /* Release */ = {
			isa = XCBuildConfiguration;
			buildSettings = {
				BUNDLE_LOADER = "$(TEST_HOST)";
				CODE_SIGN_STYLE = Automatic;
				DEVELOPMENT_TEAM = HN267Y6RQZ;
				INFOPLIST_FILE = CustomKeyBoardTests/Info.plist;
				LD_RUNPATH_SEARCH_PATHS = "$(inherited) @executable_path/Frameworks @loader_path/Frameworks";
				PRODUCT_BUNDLE_IDENTIFIER = com.chexiaoxi.xishare.CustomKeyBoardTests;
				PRODUCT_NAME = "$(TARGET_NAME)";
				TARGETED_DEVICE_FAMILY = "1,2";
				TEST_HOST = "$(BUILT_PRODUCTS_DIR)/CustomKeyBoard.app/CustomKeyBoard";
			};
			name = Release;
		};
		2365B7DC218C4B14001AF0E1 /* Debug */ = {
			isa = XCBuildConfiguration;
			buildSettings = {
				CODE_SIGN_STYLE = Automatic;
				DEVELOPMENT_TEAM = HN267Y6RQZ;
				INFOPLIST_FILE = CustomKeyBoardUITests/Info.plist;
				LD_RUNPATH_SEARCH_PATHS = "$(inherited) @executable_path/Frameworks @loader_path/Frameworks";
				PRODUCT_BUNDLE_IDENTIFIER = com.chexiaoxi.xishare.CustomKeyBoardUITests;
				PRODUCT_NAME = "$(TARGET_NAME)";
				TARGETED_DEVICE_FAMILY = "1,2";
				TEST_TARGET_NAME = CustomKeyBoard;
			};
			name = Debug;
		};
		2365B7DD218C4B14001AF0E1 /* Release */ = {
			isa = XCBuildConfiguration;
			buildSettings = {
				CODE_SIGN_STYLE = Automatic;
				DEVELOPMENT_TEAM = HN267Y6RQZ;
				INFOPLIST_FILE = CustomKeyBoardUITests/Info.plist;
				LD_RUNPATH_SEARCH_PATHS = "$(inherited) @executable_path/Frameworks @loader_path/Frameworks";
				PRODUCT_BUNDLE_IDENTIFIER = com.chexiaoxi.xishare.CustomKeyBoardUITests;
				PRODUCT_NAME = "$(TARGET_NAME)";
				TARGETED_DEVICE_FAMILY = "1,2";
				TEST_TARGET_NAME = CustomKeyBoard;
			};
			name = Release;
		};
/* End XCBuildConfiguration section */

/* Begin XCConfigurationList section */
		2365B7A4218C4B13001AF0E1 /* Build configuration list for PBXProject "CustomKeyBoard" */ = {
			isa = XCConfigurationList;
			buildConfigurations = (
				2365B7D3218C4B14001AF0E1 /* Debug */,
				2365B7D4218C4B14001AF0E1 /* Release */,
			);
			defaultConfigurationIsVisible = 0;
			defaultConfigurationName = Release;
		};
		2365B7D5218C4B14001AF0E1 /* Build configuration list for PBXNativeTarget "CustomKeyBoard" */ = {
			isa = XCConfigurationList;
			buildConfigurations = (
				2365B7D6218C4B14001AF0E1 /* Debug */,
				2365B7D7218C4B14001AF0E1 /* Release */,
			);
			defaultConfigurationIsVisible = 0;
			defaultConfigurationName = Release;
		};
		2365B7D8218C4B14001AF0E1 /* Build configuration list for PBXNativeTarget "CustomKeyBoardTests" */ = {
			isa = XCConfigurationList;
			buildConfigurations = (
				2365B7D9218C4B14001AF0E1 /* Debug */,
				2365B7DA218C4B14001AF0E1 /* Release */,
			);
			defaultConfigurationIsVisible = 0;
			defaultConfigurationName = Release;
		};
		2365B7DB218C4B14001AF0E1 /* Build configuration list for PBXNativeTarget "CustomKeyBoardUITests" */ = {
			isa = XCConfigurationList;
			buildConfigurations = (
				2365B7DC218C4B14001AF0E1 /* Debug */,
				2365B7DD218C4B14001AF0E1 /* Release */,
			);
			defaultConfigurationIsVisible = 0;
			defaultConfigurationName = Release;
		};
/* End XCConfigurationList section */
	};
	rootObject = 2365B7A1218C4B13001AF0E1 /* Project object */;
}
