// !$*UTF8*$!
{
	archiveVersion = 1;
	classes = {
	};
	objectVersion = 48;
	objects = {

/* Begin PBXBuildFile section */
		F7A264A4218EFE9E00674D36 /* AppDelegate.m in Sources */ = {isa = PBXBuildFile; fileRef = F7A264A3218EFE9E00674D36 /* AppDelegate.m */; };
		F7A264A7218EFE9E00674D36 /* ViewController.m in Sources */ = {isa = PBXBuildFile; fileRef = F7A264A6218EFE9E00674D36 /* ViewController.m */; };
		F7A264AA218EFE9E00674D36 /* Main.storyboard in Resources */ = {isa = PBXBuildFile; fileRef = F7A264A8218EFE9E00674D36 /* Main.storyboard */; };
		F7A264AC218EFE9E00674D36 /* Assets.xcassets in Resources */ = {isa = PBXBuildFile; fileRef = F7A264AB218EFE9E00674D36 /* Assets.xcassets */; };
		F7A264AF218EFE9E00674D36 /* LaunchScreen.storyboard in Resources */ = {isa = PBXBuildFile; fileRef = F7A264AD218EFE9E00674D36 /* LaunchScreen.storyboard */; };
		F7A264B2218EFE9E00674D36 /* main.m in Sources */ = {isa = PBXBuildFile; fileRef = F7A264B1218EFE9E00674D36 /* main.m */; };
		F7A264BC218EFE9E00674D36 /* XMTXCustomKeyBoardTests.m in Sources */ = {isa = PBXBuildFile; fileRef = F7A264BB218EFE9E00674D36 /* XMTXCustomKeyBoardTests.m */; };
		F7A264C7218EFE9E00674D36 /* XMTXCustomKeyBoardUITests.m in Sources */ = {isa = PBXBuildFile; fileRef = F7A264C6218EFE9E00674D36 /* XMTXCustomKeyBoardUITests.m */; };
		F7A2654F218F0AFF00674D36 /* XMBasekeyBoardView.m in Sources */ = {isa = PBXBuildFile; fileRef = F7A26525218F0AFF00674D36 /* XMBasekeyBoardView.m */; };
		F7A26550218F0AFF00674D36 /* UIView+XMFrame.m in Sources */ = {isa = PBXBuildFile; fileRef = F7A26528218F0AFF00674D36 /* UIView+XMFrame.m */; };
		F7A26551218F0AFF00674D36 /* XMNumberkeyBoard.m in Sources */ = {isa = PBXBuildFile; fileRef = F7A2652B218F0AFF00674D36 /* XMNumberkeyBoard.m */; };
		F7A26552218F0AFF00674D36 /* XMWordKeyBoardView.m in Sources */ = {isa = PBXBuildFile; fileRef = F7A2652D218F0AFF00674D36 /* XMWordKeyBoardView.m */; };
		F7A26553218F0AFF00674D36 /* XMNumStrongKeyBoard.m in Sources */ = {isa = PBXBuildFile; fileRef = F7A26530218F0AFF00674D36 /* XMNumStrongKeyBoard.m */; };
		F7A26554218F0AFF00674D36 /* XMKeyBoardView.m in Sources */ = {isa = PBXBuildFile; fileRef = F7A26532218F0AFF00674D36 /* XMKeyBoardView.m */; };
		F7A26555218F0AFF00674D36 /* emoji_touch.png in Resources */ = {isa = PBXBuildFile; fileRef = F7A26535218F0AFF00674D36 /* emoji_touch.png */; };
		F7A26556218F0AFF00674D36 /* c_chaKeyboardButtonSel.png in Resources */ = {isa = PBXBuildFile; fileRef = F7A26536218F0AFF00674D36 /* c_chaKeyboardButtonSel.png */; };
		F7A26557218F0AFF00674D36 /* c_character_keyboardSwitchButton@2x.png in Resources */ = {isa = PBXBuildFile; fileRef = F7A26537218F0AFF00674D36 /* c_character_keyboardSwitchButton@2x.png */; };
		F7A26558218F0AFF00674D36 /* c_chaKeyboardShiftButton.png in Resources */ = {isa = PBXBuildFile; fileRef = F7A26538218F0AFF00674D36 /* c_chaKeyboardShiftButton.png */; };
		F7A26559218F0AFF00674D36 /* c_chaKeyboardShiftButtonSel.png in Resources */ = {isa = PBXBuildFile; fileRef = F7A26539218F0AFF00674D36 /* c_chaKeyboardShiftButtonSel.png */; };
		F7A2655A218F0AFF00674D36 /* CXXshift@2x.png in Resources */ = {isa = PBXBuildFile; fileRef = F7A2653A218F0AFF00674D36 /* CXXshift@2x.png */; };
		F7A2655B218F0AFF00674D36 /* c_character_keyboardDeleteButton.png in Resources */ = {isa = PBXBuildFile; fileRef = F7A2653B218F0AFF00674D36 /* c_character_keyboardDeleteButton.png */; };
		F7A2655C218F0AFF00674D36 /* c_character_keyboardSwitchButton.png in Resources */ = {isa = PBXBuildFile; fileRef = F7A2653C218F0AFF00674D36 /* c_character_keyboardSwitchButton.png */; };
		F7A2655D218F0AFF00674D36 /* c_character_keyboardDeleteButtonSel.png in Resources */ = {isa = PBXBuildFile; fileRef = F7A2653D218F0AFF00674D36 /* c_character_keyboardDeleteButtonSel.png */; };
		F7A2655E218F0AFF00674D36 /* newdelete.png in Resources */ = {isa = PBXBuildFile; fileRef = F7A2653E218F0AFF00674D36 /* newdelete.png */; };
		F7A2655F218F0AFF00674D36 /* c_character_keyboardSwitchButtonSel@2x.png in Resources */ = {isa = PBXBuildFile; fileRef = F7A2653F218F0AFF00674D36 /* c_character_keyboardSwitchButtonSel@2x.png */; };
		F7A26560218F0AFF00674D36 /* c_character_keyboardDeleteButtonSel@2x.png in Resources */ = {isa = PBXBuildFile; fileRef = F7A26540218F0AFF00674D36 /* c_character_keyboardDeleteButtonSel@2x.png */; };
		F7A26561218F0AFF00674D36 /* c_chaKeyboardShiftButtonSel@2x.png in Resources */ = {isa = PBXBuildFile; fileRef = F7A26541218F0AFF00674D36 /* c_chaKeyboardShiftButtonSel@2x.png */; };
		F7A26562218F0AFF00674D36 /* newcapsLock.png in Resources */ = {isa = PBXBuildFile; fileRef = F7A26542218F0AFF00674D36 /* newcapsLock.png */; };
		F7A26563218F0AFF00674D36 /* emoji_touch@2x.png in Resources */ = {isa = PBXBuildFile; fileRef = F7A26543218F0AFF00674D36 /* emoji_touch@2x.png */; };
		F7A26564218F0AFF00674D36 /* newdelete@2x.png in Resources */ = {isa = PBXBuildFile; fileRef = F7A26544218F0AFF00674D36 /* newdelete@2x.png */; };
		F7A26565218F0AFF00674D36 /* c_chaKeyboardShiftButton@2x.png in Resources */ = {isa = PBXBuildFile; fileRef = F7A26545218F0AFF00674D36 /* c_chaKeyboardShiftButton@2x.png */; };
		F7A26566218F0AFF00674D36 /* c_chaKeyboardButton.png in Resources */ = {isa = PBXBuildFile; fileRef = F7A26546218F0AFF00674D36 /* c_chaKeyboardButton.png */; };
		F7A26567218F0AFF00674D36 /* newdelete@3x.png in Resources */ = {isa = PBXBuildFile; fileRef = F7A26547218F0AFF00674D36 /* newdelete@3x.png */; };
		F7A26568218F0AFF00674D36 /* c_chaKeyboardButtonSel@2x.png in Resources */ = {isa = PBXBuildFile; fileRef = F7A26548218F0AFF00674D36 /* c_chaKeyboardButtonSel@2x.png */; };
		F7A26569218F0AFF00674D36 /* c_character_keyboardDeleteButton@2x.png in Resources */ = {isa = PBXBuildFile; fileRef = F7A26549218F0AFF00674D36 /* c_character_keyboardDeleteButton@2x.png */; };
		F7A2656A218F0AFF00674D36 /* newcapsLock@2x.png in Resources */ = {isa = PBXBuildFile; fileRef = F7A2654A218F0AFF00674D36 /* newcapsLock@2x.png */; };
		F7A2656B218F0AFF00674D36 /* c_character_keyboardSwitchButtonSel.png in Resources */ = {isa = PBXBuildFile; fileRef = F7A2654B218F0AFF00674D36 /* c_character_keyboardSwitchButtonSel.png */; };
		F7A2656C218F0AFF00674D36 /* c_chaKeyboardButton@2x.png in Resources */ = {isa = PBXBuildFile; fileRef = F7A2654C218F0AFF00674D36 /* c_chaKeyboardButton@2x.png */; };
		F7A2656D218F0AFF00674D36 /* newcapsLock@3x.png in Resources */ = {isa = PBXBuildFile; fileRef = F7A2654D218F0AFF00674D36 /* newcapsLock@3x.png */; };
/* End PBXBuildFile section */

/* Begin PBXContainerItemProxy section */
		F7A264B8218EFE9E00674D36 /* PBXContainerItemProxy */ = {
			isa = PBXContainerItemProxy;
			containerPortal = F7A26497218EFE9E00674D36 /* Project object */;
			proxyType = 1;
			remoteGlobalIDString = F7A2649E218EFE9E00674D36;
			remoteInfo = XMTXCustomKeyBoard;
		};
		F7A264C3218EFE9E00674D36 /* PBXContainerItemProxy */ = {
			isa = PBXContainerItemProxy;
			containerPortal = F7A26497218EFE9E00674D36 /* Project object */;
			proxyType = 1;
			remoteGlobalIDString = F7A2649E218EFE9E00674D36;
			remoteInfo = XMTXCustomKeyBoard;
		};
/* End PBXContainerItemProxy section */

/* Begin PBXFileReference section */
		F7A2649F218EFE9E00674D36 /* XMTXCustomKeyBoard.app */ = {isa = PBXFileReference; explicitFileType = wrapper.application; includeInIndex = 0; path = XMTXCustomKeyBoard.app; sourceTree = BUILT_PRODUCTS_DIR; };
		F7A264A2218EFE9E00674D36 /* AppDelegate.h */ = {isa = PBXFileReference; lastKnownFileType = sourcecode.c.h; path = AppDelegate.h; sourceTree = "<group>"; };
		F7A264A3218EFE9E00674D36 /* AppDelegate.m */ = {isa = PBXFileReference; lastKnownFileType = sourcecode.c.objc; path = AppDelegate.m; sourceTree = "<group>"; };
		F7A264A5218EFE9E00674D36 /* ViewController.h */ = {isa = PBXFileReference; lastKnownFileType = sourcecode.c.h; path = ViewController.h; sourceTree = "<group>"; };
		F7A264A6218EFE9E00674D36 /* ViewController.m */ = {isa = PBXFileReference; lastKnownFileType = sourcecode.c.objc; path = ViewController.m; sourceTree = "<group>"; };
		F7A264A9218EFE9E00674D36 /* Base */ = {isa = PBXFileReference; lastKnownFileType = file.storyboard; name = Base; path = Base.lproj/Main.storyboard; sourceTree = "<group>"; };
		F7A264AB218EFE9E00674D36 /* Assets.xcassets */ = {isa = PBXFileReference; lastKnownFileType = folder.assetcatalog; path = Assets.xcassets; sourceTree = "<group>"; };
		F7A264AE218EFE9E00674D36 /* Base */ = {isa = PBXFileReference; lastKnownFileType = file.storyboard; name = Base; path = Base.lproj/LaunchScreen.storyboard; sourceTree = "<group>"; };
		F7A264B0218EFE9E00674D36 /* Info.plist */ = {isa = PBXFileReference; lastKnownFileType = text.plist.xml; path = Info.plist; sourceTree = "<group>"; };
		F7A264B1218EFE9E00674D36 /* main.m */ = {isa = PBXFileReference; lastKnownFileType = sourcecode.c.objc; path = main.m; sourceTree = "<group>"; };
		F7A264B7218EFE9E00674D36 /* XMTXCustomKeyBoardTests.xctest */ = {isa = PBXFileReference; explicitFileType = wrapper.cfbundle; includeInIndex = 0; path = XMTXCustomKeyBoardTests.xctest; sourceTree = BUILT_PRODUCTS_DIR; };
		F7A264BB218EFE9E00674D36 /* XMTXCustomKeyBoardTests.m */ = {isa = PBXFileReference; lastKnownFileType = sourcecode.c.objc; path = XMTXCustomKeyBoardTests.m; sourceTree = "<group>"; };
		F7A264BD218EFE9E00674D36 /* Info.plist */ = {isa = PBXFileReference; lastKnownFileType = text.plist.xml; path = Info.plist; sourceTree = "<group>"; };
		F7A264C2218EFE9E00674D36 /* XMTXCustomKeyBoardUITests.xctest */ = {isa = PBXFileReference; explicitFileType = wrapper.cfbundle; includeInIndex = 0; path = XMTXCustomKeyBoardUITests.xctest; sourceTree = BUILT_PRODUCTS_DIR; };
		F7A264C6218EFE9E00674D36 /* XMTXCustomKeyBoardUITests.m */ = {isa = PBXFileReference; lastKnownFileType = sourcecode.c.objc; path = XMTXCustomKeyBoardUITests.m; sourceTree = "<group>"; };
		F7A264C8218EFE9E00674D36 /* Info.plist */ = {isa = PBXFileReference; lastKnownFileType = text.plist.xml; path = Info.plist; sourceTree = "<group>"; };
		F7A26524218F0AFF00674D36 /* XMBasekeyBoardView.h */ = {isa = PBXFileReference; fileEncoding = 4; lastKnownFileType = sourcecode.c.h; path = XMBasekeyBoardView.h; sourceTree = "<group>"; };
		F7A26525218F0AFF00674D36 /* XMBasekeyBoardView.m */ = {isa = PBXFileReference; fileEncoding = 4; lastKnownFileType = sourcecode.c.objc; path = XMBasekeyBoardView.m; sourceTree = "<group>"; };
		F7A26527218F0AFF00674D36 /* UIView+XMFrame.h */ = {isa = PBXFileReference; fileEncoding = 4; lastKnownFileType = sourcecode.c.h; path = "UIView+XMFrame.h"; sourceTree = "<group>"; };
		F7A26528218F0AFF00674D36 /* UIView+XMFrame.m */ = {isa = PBXFileReference; fileEncoding = 4; lastKnownFileType = sourcecode.c.objc; path = "UIView+XMFrame.m"; sourceTree = "<group>"; };
		F7A2652A218F0AFF00674D36 /* XMNumberkeyBoard.h */ = {isa = PBXFileReference; fileEncoding = 4; lastKnownFileType = sourcecode.c.h; path = XMNumberkeyBoard.h; sourceTree = "<group>"; };
		F7A2652B218F0AFF00674D36 /* XMNumberkeyBoard.m */ = {isa = PBXFileReference; fileEncoding = 4; lastKnownFileType = sourcecode.c.objc; path = XMNumberkeyBoard.m; sourceTree = "<group>"; };
		F7A2652D218F0AFF00674D36 /* XMWordKeyBoardView.m */ = {isa = PBXFileReference; fileEncoding = 4; lastKnownFileType = sourcecode.c.objc; path = XMWordKeyBoardView.m; sourceTree = "<group>"; };
		F7A2652E218F0AFF00674D36 /* XMWordKeyBoardView.h */ = {isa = PBXFileReference; fileEncoding = 4; lastKnownFileType = sourcecode.c.h; path = XMWordKeyBoardView.h; sourceTree = "<group>"; };
		F7A26530218F0AFF00674D36 /* XMNumStrongKeyBoard.m */ = {isa = PBXFileReference; fileEncoding = 4; lastKnownFileType = sourcecode.c.objc; path = XMNumStrongKeyBoard.m; sourceTree = "<group>"; };
		F7A26531218F0AFF00674D36 /* XMNumStrongKeyBoard.h */ = {isa = PBXFileReference; fileEncoding = 4; lastKnownFileType = sourcecode.c.h; path = XMNumStrongKeyBoard.h; sourceTree = "<group>"; };
		F7A26532218F0AFF00674D36 /* XMKeyBoardView.m */ = {isa = PBXFileReference; fileEncoding = 4; lastKnownFileType = sourcecode.c.objc; path = XMKeyBoardView.m; sourceTree = "<group>"; };
		F7A26533218F0AFF00674D36 /* XMKeyBoardHeader.h */ = {isa = PBXFileReference; fileEncoding = 4; lastKnownFileType = sourcecode.c.h; path = XMKeyBoardHeader.h; sourceTree = "<group>"; };
		F7A26535218F0AFF00674D36 /* emoji_touch.png */ = {isa = PBXFileReference; lastKnownFileType = image.png; path = emoji_touch.png; sourceTree = "<group>"; };
		F7A26536218F0AFF00674D36 /* c_chaKeyboardButtonSel.png */ = {isa = PBXFileReference; lastKnownFileType = image.png; path = c_chaKeyboardButtonSel.png; sourceTree = "<group>"; };
		F7A26537218F0AFF00674D36 /* c_character_keyboardSwitchButton@2x.png */ = {isa = PBXFileReference; lastKnownFileType = image.png; path = "c_character_keyboardSwitchButton@2x.png"; sourceTree = "<group>"; };
		F7A26538218F0AFF00674D36 /* c_chaKeyboardShiftButton.png */ = {isa = PBXFileReference; lastKnownFileType = image.png; path = c_chaKeyboardShiftButton.png; sourceTree = "<group>"; };
		F7A26539218F0AFF00674D36 /* c_chaKeyboardShiftButtonSel.png */ = {isa = PBXFileReference; lastKnownFileType = image.png; path = c_chaKeyboardShiftButtonSel.png; sourceTree = "<group>"; };
		F7A2653A218F0AFF00674D36 /* CXXshift@2x.png */ = {isa = PBXFileReference; lastKnownFileType = image.png; path = "CXXshift@2x.png"; sourceTree = "<group>"; };
		F7A2653B218F0AFF00674D36 /* c_character_keyboardDeleteButton.png */ = {isa = PBXFileReference; lastKnownFileType = image.png; path = c_character_keyboardDeleteButton.png; sourceTree = "<group>"; };
		F7A2653C218F0AFF00674D36 /* c_character_keyboardSwitchButton.png */ = {isa = PBXFileReference; lastKnownFileType = image.png; path = c_character_keyboardSwitchButton.png; sourceTree = "<group>"; };
		F7A2653D218F0AFF00674D36 /* c_character_keyboardDeleteButtonSel.png */ = {isa = PBXFileReference; lastKnownFileType = image.png; path = c_character_keyboardDeleteButtonSel.png; sourceTree = "<group>"; };
		F7A2653E218F0AFF00674D36 /* newdelete.png */ = {isa = PBXFileReference; lastKnownFileType = image.png; path = newdelete.png; sourceTree = "<group>"; };
		F7A2653F218F0AFF00674D36 /* c_character_keyboardSwitchButtonSel@2x.png */ = {isa = PBXFileReference; lastKnownFileType = image.png; path = "c_character_keyboardSwitchButtonSel@2x.png"; sourceTree = "<group>"; };
		F7A26540218F0AFF00674D36 /* c_character_keyboardDeleteButtonSel@2x.png */ = {isa = PBXFileReference; lastKnownFileType = image.png; path = "c_character_keyboardDeleteButtonSel@2x.png"; sourceTree = "<group>"; };
		F7A26541218F0AFF00674D36 /* c_chaKeyboardShiftButtonSel@2x.png */ = {isa = PBXFileReference; lastKnownFileType = image.png; path = "c_chaKeyboardShiftButtonSel@2x.png"; sourceTree = "<group>"; };
		F7A26542218F0AFF00674D36 /* newcapsLock.png */ = {isa = PBXFileReference; lastKnownFileType = image.png; path = newcapsLock.png; sourceTree = "<group>"; };
		F7A26543218F0AFF00674D36 /* emoji_touch@2x.png */ = {isa = PBXFileReference; lastKnownFileType = image.png; path = "emoji_touch@2x.png"; sourceTree = "<group>"; };
		F7A26544218F0AFF00674D36 /* newdelete@2x.png */ = {isa = PBXFileReference; lastKnownFileType = image.png; path = "newdelete@2x.png"; sourceTree = "<group>"; };
		F7A26545218F0AFF00674D36 /* c_chaKeyboardShiftButton@2x.png */ = {isa = PBXFileReference; lastKnownFileType = image.png; path = "c_chaKeyboardShiftButton@2x.png"; sourceTree = "<group>"; };
		F7A26546218F0AFF00674D36 /* c_chaKeyboardButton.png */ = {isa = PBXFileReference; lastKnownFileType = image.png; path = c_chaKeyboardButton.png; sourceTree = "<group>"; };
		F7A26547218F0AFF00674D36 /* newdelete@3x.png */ = {isa = PBXFileReference; lastKnownFileType = image.png; path = "newdelete@3x.png"; sourceTree = "<group>"; };
		F7A26548218F0AFF00674D36 /* c_chaKeyboardButtonSel@2x.png */ = {isa = PBXFileReference; lastKnownFileType = image.png; path = "c_chaKeyboardButtonSel@2x.png"; sourceTree = "<group>"; };
		F7A26549218F0AFF00674D36 /* c_character_keyboardDeleteButton@2x.png */ = {isa = PBXFileReference; lastKnownFileType = image.png; path = "c_character_keyboardDeleteButton@2x.png"; sourceTree = "<group>"; };
		F7A2654A218F0AFF00674D36 /* newcapsLock@2x.png */ = {isa = PBXFileReference; lastKnownFileType = image.png; path = "newcapsLock@2x.png"; sourceTree = "<group>"; };
		F7A2654B218F0AFF00674D36 /* c_character_keyboardSwitchButtonSel.png */ = {isa = PBXFileReference; lastKnownFileType = image.png; path = c_character_keyboardSwitchButtonSel.png; sourceTree = "<group>"; };
		F7A2654C218F0AFF00674D36 /* c_chaKeyboardButton@2x.png */ = {isa = PBXFileReference; lastKnownFileType = image.png; path = "c_chaKeyboardButton@2x.png"; sourceTree = "<group>"; };
		F7A2654D218F0AFF00674D36 /* newcapsLock@3x.png */ = {isa = PBXFileReference; lastKnownFileType = image.png; path = "newcapsLock@3x.png"; sourceTree = "<group>"; };
		F7A2654E218F0AFF00674D36 /* XMKeyBoardView.h */ = {isa = PBXFileReference; fileEncoding = 4; lastKnownFileType = sourcecode.c.h; path = XMKeyBoardView.h; sourceTree = "<group>"; };
/* End PBXFileReference section */

/* Begin PBXFrameworksBuildPhase section */
		F7A2649C218EFE9E00674D36 /* Frameworks */ = {
			isa = PBXFrameworksBuildPhase;
			buildActionMask = 2147483647;
			files = (
			);
			runOnlyForDeploymentPostprocessing = 0;
		};
		F7A264B4218EFE9E00674D36 /* Frameworks */ = {
			isa = PBXFrameworksBuildPhase;
			buildActionMask = 2147483647;
			files = (
			);
			runOnlyForDeploymentPostprocessing = 0;
		};
		F7A264BF218EFE9E00674D36 /* Frameworks */ = {
			isa = PBXFrameworksBuildPhase;
			buildActionMask = 2147483647;
			files = (
			);
			runOnlyForDeploymentPostprocessing = 0;
		};
/* End PBXFrameworksBuildPhase section */

/* Begin PBXGroup section */
		F7A26496218EFE9E00674D36 = {
			isa = PBXGroup;
			children = (
				F7A26521218F0AFF00674D36 /* Classes */,
				F7A264A1218EFE9E00674D36 /* XMTXCustomKeyBoard */,
				F7A264BA218EFE9E00674D36 /* XMTXCustomKeyBoardTests */,
				F7A264C5218EFE9E00674D36 /* XMTXCustomKeyBoardUITests */,
				F7A264A0218EFE9E00674D36 /* Products */,
			);
			sourceTree = "<group>";
		};
		F7A264A0218EFE9E00674D36 /* Products */ = {
			isa = PBXGroup;
			children = (
				F7A2649F218EFE9E00674D36 /* XMTXCustomKeyBoard.app */,
				F7A264B7218EFE9E00674D36 /* XMTXCustomKeyBoardTests.xctest */,
				F7A264C2218EFE9E00674D36 /* XMTXCustomKeyBoardUITests.xctest */,
			);
			name = Products;
			sourceTree = "<group>";
		};
		F7A264A1218EFE9E00674D36 /* XMTXCustomKeyBoard */ = {
			isa = PBXGroup;
			children = (
				F7A264A2218EFE9E00674D36 /* AppDelegate.h */,
				F7A264A3218EFE9E00674D36 /* AppDelegate.m */,
				F7A264A5218EFE9E00674D36 /* ViewController.h */,
				F7A264A6218EFE9E00674D36 /* ViewController.m */,
				F7A264A8218EFE9E00674D36 /* Main.storyboard */,
				F7A264AB218EFE9E00674D36 /* Assets.xcassets */,
				F7A264AD218EFE9E00674D36 /* LaunchScreen.storyboard */,
				F7A264B0218EFE9E00674D36 /* Info.plist */,
				F7A264B1218EFE9E00674D36 /* main.m */,
			);
			path = XMTXCustomKeyBoard;
			sourceTree = "<group>";
		};
		F7A264BA218EFE9E00674D36 /* XMTXCustomKeyBoardTests */ = {
			isa = PBXGroup;
			children = (
				F7A264BB218EFE9E00674D36 /* XMTXCustomKeyBoardTests.m */,
				F7A264BD218EFE9E00674D36 /* Info.plist */,
			);
			path = XMTXCustomKeyBoardTests;
			sourceTree = "<group>";
		};
		F7A264C5218EFE9E00674D36 /* XMTXCustomKeyBoardUITests */ = {
			isa = PBXGroup;
			children = (
				F7A264C6218EFE9E00674D36 /* XMTXCustomKeyBoardUITests.m */,
				F7A264C8218EFE9E00674D36 /* Info.plist */,
			);
			path = XMTXCustomKeyBoardUITests;
			sourceTree = "<group>";
		};
		F7A26521218F0AFF00674D36 /* Classes */ = {
			isa = PBXGroup;
			children = (
				F7A26522218F0AFF00674D36 /* CXXkeyBoard */,
			);
			name = Classes;
			path = ../Classes;
			sourceTree = "<group>";
		};
		F7A26522218F0AFF00674D36 /* CXXkeyBoard */ = {
			isa = PBXGroup;
			children = (
				F7A26523218F0AFF00674D36 /* CXXBaseKeyBoard */,
				F7A26526218F0AFF00674D36 /* Tools */,
				F7A26529218F0AFF00674D36 /* NumKeyboard */,
				F7A2652C218F0AFF00674D36 /* WordKeyBoard */,
				F7A2652F218F0AFF00674D36 /* NumStrongKeyBoard */,
				F7A26532218F0AFF00674D36 /* XMKeyBoardView.m */,
				F7A26533218F0AFF00674D36 /* XMKeyBoardHeader.h */,
				F7A26534218F0AFF00674D36 /* KeyBoardSource */,
				F7A2654E218F0AFF00674D36 /* XMKeyBoardView.h */,
			);
			path = CXXkeyBoard;
			sourceTree = "<group>";
		};
		F7A26523218F0AFF00674D36 /* CXXBaseKeyBoard */ = {
			isa = PBXGroup;
			children = (
				F7A26524218F0AFF00674D36 /* XMBasekeyBoardView.h */,
				F7A26525218F0AFF00674D36 /* XMBasekeyBoardView.m */,
			);
			path = CXXBaseKeyBoard;
			sourceTree = "<group>";
		};
		F7A26526218F0AFF00674D36 /* Tools */ = {
			isa = PBXGroup;
			children = (
				F7A26527218F0AFF00674D36 /* UIView+XMFrame.h */,
				F7A26528218F0AFF00674D36 /* UIView+XMFrame.m */,
			);
			path = Tools;
			sourceTree = "<group>";
		};
		F7A26529218F0AFF00674D36 /* NumKeyboard */ = {
			isa = PBXGroup;
			children = (
				F7A2652A218F0AFF00674D36 /* XMNumberkeyBoard.h */,
				F7A2652B218F0AFF00674D36 /* XMNumberkeyBoard.m */,
			);
			path = NumKeyboard;
			sourceTree = "<group>";
		};
		F7A2652C218F0AFF00674D36 /* WordKeyBoard */ = {
			isa = PBXGroup;
			children = (
				F7A2652D218F0AFF00674D36 /* XMWordKeyBoardView.m */,
				F7A2652E218F0AFF00674D36 /* XMWordKeyBoardView.h */,
			);
			path = WordKeyBoard;
			sourceTree = "<group>";
		};
		F7A2652F218F0AFF00674D36 /* NumStrongKeyBoard */ = {
			isa = PBXGroup;
			children = (
				F7A26530218F0AFF00674D36 /* XMNumStrongKeyBoard.m */,
				F7A26531218F0AFF00674D36 /* XMNumStrongKeyBoard.h */,
			);
			path = NumStrongKeyBoard;
			sourceTree = "<group>";
		};
		F7A26534218F0AFF00674D36 /* KeyBoardSource */ = {
			isa = PBXGroup;
			children = (
				F7A26535218F0AFF00674D36 /* emoji_touch.png */,
				F7A26536218F0AFF00674D36 /* c_chaKeyboardButtonSel.png */,
				F7A26537218F0AFF00674D36 /* c_character_keyboardSwitchButton@2x.png */,
				F7A26538218F0AFF00674D36 /* c_chaKeyboardShiftButton.png */,
				F7A26539218F0AFF00674D36 /* c_chaKeyboardShiftButtonSel.png */,
				F7A2653A218F0AFF00674D36 /* CXXshift@2x.png */,
				F7A2653B218F0AFF00674D36 /* c_character_keyboardDeleteButton.png */,
				F7A2653C218F0AFF00674D36 /* c_character_keyboardSwitchButton.png */,
				F7A2653D218F0AFF00674D36 /* c_character_keyboardDeleteButtonSel.png */,
				F7A2653E218F0AFF00674D36 /* newdelete.png */,
				F7A2653F218F0AFF00674D36 /* c_character_keyboardSwitchButtonSel@2x.png */,
				F7A26540218F0AFF00674D36 /* c_character_keyboardDeleteButtonSel@2x.png */,
				F7A26541218F0AFF00674D36 /* c_chaKeyboardShiftButtonSel@2x.png */,
				F7A26542218F0AFF00674D36 /* newcapsLock.png */,
				F7A26543218F0AFF00674D36 /* emoji_touch@2x.png */,
				F7A26544218F0AFF00674D36 /* newdelete@2x.png */,
				F7A26545218F0AFF00674D36 /* c_chaKeyboardShiftButton@2x.png */,
				F7A26546218F0AFF00674D36 /* c_chaKeyboardButton.png */,
				F7A26547218F0AFF00674D36 /* newdelete@3x.png */,
				F7A26548218F0AFF00674D36 /* c_chaKeyboardButtonSel@2x.png */,
				F7A26549218F0AFF00674D36 /* c_character_keyboardDeleteButton@2x.png */,
				F7A2654A218F0AFF00674D36 /* newcapsLock@2x.png */,
				F7A2654B218F0AFF00674D36 /* c_character_keyboardSwitchButtonSel.png */,
				F7A2654C218F0AFF00674D36 /* c_chaKeyboardButton@2x.png */,
				F7A2654D218F0AFF00674D36 /* newcapsLock@3x.png */,
			);
			path = KeyBoardSource;
			sourceTree = "<group>";
		};
/* End PBXGroup section */

/* Begin PBXNativeTarget section */
		F7A2649E218EFE9E00674D36 /* XMTXCustomKeyBoard */ = {
			isa = PBXNativeTarget;
			buildConfigurationList = F7A264CB218EFE9E00674D36 /* Build configuration list for PBXNativeTarget "XMTXCustomKeyBoard" */;
			buildPhases = (
				F7A2649B218EFE9E00674D36 /* Sources */,
				F7A2649C218EFE9E00674D36 /* Frameworks */,
				F7A2649D218EFE9E00674D36 /* Resources */,
			);
			buildRules = (
			);
			dependencies = (
			);
			name = XMTXCustomKeyBoard;
			productName = XMTXCustomKeyBoard;
			productReference = F7A2649F218EFE9E00674D36 /* XMTXCustomKeyBoard.app */;
			productType = "com.apple.product-type.application";
		};
		F7A264B6218EFE9E00674D36 /* XMTXCustomKeyBoardTests */ = {
			isa = PBXNativeTarget;
			buildConfigurationList = F7A264CE218EFE9E00674D36 /* Build configuration list for PBXNativeTarget "XMTXCustomKeyBoardTests" */;
			buildPhases = (
				F7A264B3218EFE9E00674D36 /* Sources */,
				F7A264B4218EFE9E00674D36 /* Frameworks */,
				F7A264B5218EFE9E00674D36 /* Resources */,
			);
			buildRules = (
			);
			dependencies = (
				F7A264B9218EFE9E00674D36 /* PBXTargetDependency */,
			);
			name = XMTXCustomKeyBoardTests;
			productName = XMTXCustomKeyBoardTests;
			productReference = F7A264B7218EFE9E00674D36 /* XMTXCustomKeyBoardTests.xctest */;
			productType = "com.apple.product-type.bundle.unit-test";
		};
		F7A264C1218EFE9E00674D36 /* XMTXCustomKeyBoardUITests */ = {
			isa = PBXNativeTarget;
			buildConfigurationList = F7A264D1218EFE9E00674D36 /* Build configuration list for PBXNativeTarget "XMTXCustomKeyBoardUITests" */;
			buildPhases = (
				F7A264BE218EFE9E00674D36 /* Sources */,
				F7A264BF218EFE9E00674D36 /* Frameworks */,
				F7A264C0218EFE9E00674D36 /* Resources */,
			);
			buildRules = (
			);
			dependencies = (
				F7A264C4218EFE9E00674D36 /* PBXTargetDependency */,
			);
			name = XMTXCustomKeyBoardUITests;
			productName = XMTXCustomKeyBoardUITests;
			productReference = F7A264C2218EFE9E00674D36 /* XMTXCustomKeyBoardUITests.xctest */;
			productType = "com.apple.product-type.bundle.ui-testing";
		};
/* End PBXNativeTarget section */

/* Begin PBXProject section */
		F7A26497218EFE9E00674D36 /* Project object */ = {
			isa = PBXProject;
			attributes = {
				LastUpgradeCheck = 0920;
				ORGANIZATIONNAME = "陈桂民";
				TargetAttributes = {
					F7A2649E218EFE9E00674D36 = {
						CreatedOnToolsVersion = 9.2;
						ProvisioningStyle = Automatic;
					};
					F7A264B6218EFE9E00674D36 = {
						CreatedOnToolsVersion = 9.2;
						ProvisioningStyle = Automatic;
						TestTargetID = F7A2649E218EFE9E00674D36;
					};
					F7A264C1218EFE9E00674D36 = {
						CreatedOnToolsVersion = 9.2;
						ProvisioningStyle = Automatic;
						TestTargetID = F7A2649E218EFE9E00674D36;
					};
				};
			};
			buildConfigurationList = F7A2649A218EFE9E00674D36 /* Build configuration list for PBXProject "XMTXCustomKeyBoard" */;
			compatibilityVersion = "Xcode 8.0";
			developmentRegion = en;
			hasScannedForEncodings = 0;
			knownRegions = (
				en,
				Base,
			);
			mainGroup = F7A26496218EFE9E00674D36;
			productRefGroup = F7A264A0218EFE9E00674D36 /* Products */;
			projectDirPath = "";
			projectRoot = "";
			targets = (
				F7A2649E218EFE9E00674D36 /* XMTXCustomKeyBoard */,
				F7A264B6218EFE9E00674D36 /* XMTXCustomKeyBoardTests */,
				F7A264C1218EFE9E00674D36 /* XMTXCustomKeyBoardUITests */,
			);
		};
/* End PBXProject section */

/* Begin PBXResourcesBuildPhase section */
		F7A2649D218EFE9E00674D36 /* Resources */ = {
			isa = PBXResourcesBuildPhase;
			buildActionMask = 2147483647;
			files = (
				F7A26560218F0AFF00674D36 /* c_character_keyboardDeleteButtonSel@2x.png in Resources */,
				F7A26565218F0AFF00674D36 /* c_chaKeyboardShiftButton@2x.png in Resources */,
				F7A2656D218F0AFF00674D36 /* newcapsLock@3x.png in Resources */,
				F7A26569218F0AFF00674D36 /* c_character_keyboardDeleteButton@2x.png in Resources */,
				F7A2655A218F0AFF00674D36 /* CXXshift@2x.png in Resources */,
				F7A26556218F0AFF00674D36 /* c_chaKeyboardButtonSel.png in Resources */,
				F7A26555218F0AFF00674D36 /* emoji_touch.png in Resources */,
				F7A264AF218EFE9E00674D36 /* LaunchScreen.storyboard in Resources */,
				F7A26562218F0AFF00674D36 /* newcapsLock.png in Resources */,
				F7A2655F218F0AFF00674D36 /* c_character_keyboardSwitchButtonSel@2x.png in Resources */,
				F7A2655C218F0AFF00674D36 /* c_character_keyboardSwitchButton.png in Resources */,
				F7A26567218F0AFF00674D36 /* newdelete@3x.png in Resources */,
				F7A264AC218EFE9E00674D36 /* Assets.xcassets in Resources */,
				F7A26566218F0AFF00674D36 /* c_chaKeyboardButton.png in Resources */,
				F7A2655B218F0AFF00674D36 /* c_character_keyboardDeleteButton.png in Resources */,
				F7A264AA218EFE9E00674D36 /* Main.storyboard in Resources */,
				F7A26563218F0AFF00674D36 /* emoji_touch@2x.png in Resources */,
				F7A2656A218F0AFF00674D36 /* newcapsLock@2x.png in Resources */,
				F7A2655D218F0AFF00674D36 /* c_character_keyboardDeleteButtonSel.png in Resources */,
				F7A26558218F0AFF00674D36 /* c_chaKeyboardShiftButton.png in Resources */,
				F7A26561218F0AFF00674D36 /* c_chaKeyboardShiftButtonSel@2x.png in Resources */,
				F7A2656C218F0AFF00674D36 /* c_chaKeyboardButton@2x.png in Resources */,
				F7A26564218F0AFF00674D36 /* newdelete@2x.png in Resources */,
				F7A2656B218F0AFF00674D36 /* c_character_keyboardSwitchButtonSel.png in Resources */,
				F7A2655E218F0AFF00674D36 /* newdelete.png in Resources */,
				F7A26568218F0AFF00674D36 /* c_chaKeyboardButtonSel@2x.png in Resources */,
				F7A26557218F0AFF00674D36 /* c_character_keyboardSwitchButton@2x.png in Resources */,
				F7A26559218F0AFF00674D36 /* c_chaKeyboardShiftButtonSel.png in Resources */,
			);
			runOnlyForDeploymentPostprocessing = 0;
		};
		F7A264B5218EFE9E00674D36 /* Resources */ = {
			isa = PBXResourcesBuildPhase;
			buildActionMask = 2147483647;
			files = (
			);
			runOnlyForDeploymentPostprocessing = 0;
		};
		F7A264C0218EFE9E00674D36 /* Resources */ = {
			isa = PBXResourcesBuildPhase;
			buildActionMask = 2147483647;
			files = (
			);
			runOnlyForDeploymentPostprocessing = 0;
		};
/* End PBXResourcesBuildPhase section */

/* Begin PBXSourcesBuildPhase section */
		F7A2649B218EFE9E00674D36 /* Sources */ = {
			isa = PBXSourcesBuildPhase;
			buildActionMask = 2147483647;
			files = (
				F7A26550218F0AFF00674D36 /* UIView+XMFrame.m in Sources */,
				F7A264A7218EFE9E00674D36 /* ViewController.m in Sources */,
				F7A26551218F0AFF00674D36 /* XMNumberkeyBoard.m in Sources */,
				F7A26553218F0AFF00674D36 /* XMNumStrongKeyBoard.m in Sources */,
				F7A26554218F0AFF00674D36 /* XMKeyBoardView.m in Sources */,
				F7A264B2218EFE9E00674D36 /* main.m in Sources */,
				F7A264A4218EFE9E00674D36 /* AppDelegate.m in Sources */,
				F7A26552218F0AFF00674D36 /* XMWordKeyBoardView.m in Sources */,
				F7A2654F218F0AFF00674D36 /* XMBasekeyBoardView.m in Sources */,
			);
			runOnlyForDeploymentPostprocessing = 0;
		};
		F7A264B3218EFE9E00674D36 /* Sources */ = {
			isa = PBXSourcesBuildPhase;
			buildActionMask = 2147483647;
			files = (
				F7A264BC218EFE9E00674D36 /* XMTXCustomKeyBoardTests.m in Sources */,
			);
			runOnlyForDeploymentPostprocessing = 0;
		};
		F7A264BE218EFE9E00674D36 /* Sources */ = {
			isa = PBXSourcesBuildPhase;
			buildActionMask = 2147483647;
			files = (
				F7A264C7218EFE9E00674D36 /* XMTXCustomKeyBoardUITests.m in Sources */,
			);
			runOnlyForDeploymentPostprocessing = 0;
		};
/* End PBXSourcesBuildPhase section */

/* Begin PBXTargetDependency section */
		F7A264B9218EFE9E00674D36 /* PBXTargetDependency */ = {
			isa = PBXTargetDependency;
			target = F7A2649E218EFE9E00674D36 /* XMTXCustomKeyBoard */;
			targetProxy = F7A264B8218EFE9E00674D36 /* PBXContainerItemProxy */;
		};
		F7A264C4218EFE9E00674D36 /* PBXTargetDependency */ = {
			isa = PBXTargetDependency;
			target = F7A2649E218EFE9E00674D36 /* XMTXCustomKeyBoard */;
			targetProxy = F7A264C3218EFE9E00674D36 /* PBXContainerItemProxy */;
		};
/* End PBXTargetDependency section */

/* Begin PBXVariantGroup section */
		F7A264A8218EFE9E00674D36 /* Main.storyboard */ = {
			isa = PBXVariantGroup;
			children = (
				F7A264A9218EFE9E00674D36 /* Base */,
			);
			name = Main.storyboard;
			sourceTree = "<group>";
		};
		F7A264AD218EFE9E00674D36 /* LaunchScreen.storyboard */ = {
			isa = PBXVariantGroup;
			children = (
				F7A264AE218EFE9E00674D36 /* Base */,
			);
			name = LaunchScreen.storyboard;
			sourceTree = "<group>";
		};
/* End PBXVariantGroup section */

/* Begin XCBuildConfiguration section */
		F7A264C9218EFE9E00674D36 /* Debug */ = {
			isa = XCBuildConfiguration;
			buildSettings = {
				ALWAYS_SEARCH_USER_PATHS = NO;
				CLANG_ANALYZER_NONNULL = YES;
				CLANG_ANALYZER_NUMBER_OBJECT_CONVERSION = YES_AGGRESSIVE;
				CLANG_CXX_LANGUAGE_STANDARD = "gnu++14";
				CLANG_CXX_LIBRARY = "libc++";
				CLANG_ENABLE_MODULES = YES;
				CLANG_ENABLE_OBJC_ARC = YES;
				CLANG_WARN_BLOCK_CAPTURE_AUTORELEASING = YES;
				CLANG_WARN_BOOL_CONVERSION = YES;
				CLANG_WARN_COMMA = YES;
				CLANG_WARN_CONSTANT_CONVERSION = YES;
				CLANG_WARN_DIRECT_OBJC_ISA_USAGE = YES_ERROR;
				CLANG_WARN_DOCUMENTATION_COMMENTS = YES;
				CLANG_WARN_EMPTY_BODY = YES;
				CLANG_WARN_ENUM_CONVERSION = YES;
				CLANG_WARN_INFINITE_RECURSION = YES;
				CLANG_WARN_INT_CONVERSION = YES;
				CLANG_WARN_NON_LITERAL_NULL_CONVERSION = YES;
				CLANG_WARN_OBJC_LITERAL_CONVERSION = YES;
				CLANG_WARN_OBJC_ROOT_CLASS = YES_ERROR;
				CLANG_WARN_RANGE_LOOP_ANALYSIS = YES;
				CLANG_WARN_STRICT_PROTOTYPES = YES;
				CLANG_WARN_SUSPICIOUS_MOVE = YES;
				CLANG_WARN_UNGUARDED_AVAILABILITY = YES_AGGRESSIVE;
				CLANG_WARN_UNREACHABLE_CODE = YES;
				CLANG_WARN__DUPLICATE_METHOD_MATCH = YES;
				CODE_SIGN_IDENTITY = "iPhone Developer";
				COPY_PHASE_STRIP = NO;
				DEBUG_INFORMATION_FORMAT = dwarf;
				ENABLE_STRICT_OBJC_MSGSEND = YES;
				ENABLE_TESTABILITY = YES;
				GCC_C_LANGUAGE_STANDARD = gnu11;
				GCC_DYNAMIC_NO_PIC = NO;
				GCC_NO_COMMON_BLOCKS = YES;
				GCC_OPTIMIZATION_LEVEL = 0;
				GCC_PREPROCESSOR_DEFINITIONS = (
					"DEBUG=1",
					"$(inherited)",
				);
				GCC_WARN_64_TO_32_BIT_CONVERSION = YES;
				GCC_WARN_ABOUT_RETURN_TYPE = YES_ERROR;
				GCC_WARN_UNDECLARED_SELECTOR = YES;
				GCC_WARN_UNINITIALIZED_AUTOS = YES_AGGRESSIVE;
				GCC_WARN_UNUSED_FUNCTION = YES;
				GCC_WARN_UNUSED_VARIABLE = YES;
				IPHONEOS_DEPLOYMENT_TARGET = 11.2;
				MTL_ENABLE_DEBUG_INFO = YES;
				ONLY_ACTIVE_ARCH = YES;
				SDKROOT = iphoneos;
			};
			name = Debug;
		};
		F7A264CA218EFE9E00674D36 /* Release */ = {
			isa = XCBuildConfiguration;
			buildSettings = {
				ALWAYS_SEARCH_USER_PATHS = NO;
				CLANG_ANALYZER_NONNULL = YES;
				CLANG_ANALYZER_NUMBER_OBJECT_CONVERSION = YES_AGGRESSIVE;
				CLANG_CXX_LANGUAGE_STANDARD = "gnu++14";
				CLANG_CXX_LIBRARY = "libc++";
				CLANG_ENABLE_MODULES = YES;
				CLANG_ENABLE_OBJC_ARC = YES;
				CLANG_WARN_BLOCK_CAPTURE_AUTORELEASING = YES;
				CLANG_WARN_BOOL_CONVERSION = YES;
				CLANG_WARN_COMMA = YES;
				CLANG_WARN_CONSTANT_CONVERSION = YES;
				CLANG_WARN_DIRECT_OBJC_ISA_USAGE = YES_ERROR;
				CLANG_WARN_DOCUMENTATION_COMMENTS = YES;
				CLANG_WARN_EMPTY_BODY = YES;
				CLANG_WARN_ENUM_CONVERSION = YES;
				CLANG_WARN_INFINITE_RECURSION = YES;
				CLANG_WARN_INT_CONVERSION = YES;
				CLANG_WARN_NON_LITERAL_NULL_CONVERSION = YES;
				CLANG_WARN_OBJC_LITERAL_CONVERSION = YES;
				CLANG_WARN_OBJC_ROOT_CLASS = YES_ERROR;
				CLANG_WARN_RANGE_LOOP_ANALYSIS = YES;
				CLANG_WARN_STRICT_PROTOTYPES = YES;
				CLANG_WARN_SUSPICIOUS_MOVE = YES;
				CLANG_WARN_UNGUARDED_AVAILABILITY = YES_AGGRESSIVE;
				CLANG_WARN_UNREACHABLE_CODE = YES;
				CLANG_WARN__DUPLICATE_METHOD_MATCH = YES;
				CODE_SIGN_IDENTITY = "iPhone Developer";
				COPY_PHASE_STRIP = NO;
				DEBUG_INFORMATION_FORMAT = "dwarf-with-dsym";
				ENABLE_NS_ASSERTIONS = NO;
				ENABLE_STRICT_OBJC_MSGSEND = YES;
				GCC_C_LANGUAGE_STANDARD = gnu11;
				GCC_NO_COMMON_BLOCKS = YES;
				GCC_WARN_64_TO_32_BIT_CONVERSION = YES;
				GCC_WARN_ABOUT_RETURN_TYPE = YES_ERROR;
				GCC_WARN_UNDECLARED_SELECTOR = YES;
				GCC_WARN_UNINITIALIZED_AUTOS = YES_AGGRESSIVE;
				GCC_WARN_UNUSED_FUNCTION = YES;
				GCC_WARN_UNUSED_VARIABLE = YES;
				IPHONEOS_DEPLOYMENT_TARGET = 11.2;
				MTL_ENABLE_DEBUG_INFO = NO;
				SDKROOT = iphoneos;
				VALIDATE_PRODUCT = YES;
			};
			name = Release;
		};
		F7A264CC218EFE9E00674D36 /* Debug */ = {
			isa = XCBuildConfiguration;
			buildSettings = {
				ASSETCATALOG_COMPILER_APPICON_NAME = AppIcon;
				CODE_SIGN_STYLE = Automatic;
				DEVELOPMENT_TEAM = 85X7688G9T;
				INFOPLIST_FILE = XMTXCustomKeyBoard/Info.plist;
				IPHONEOS_DEPLOYMENT_TARGET = 8.0;
				LD_RUNPATH_SEARCH_PATHS = "$(inherited) @executable_path/Frameworks";
				PRODUCT_BUNDLE_IDENTIFIER = com.cgm.XMTXCustomKeyBoard;
				PRODUCT_NAME = "$(TARGET_NAME)";
				TARGETED_DEVICE_FAMILY = "1,2";
			};
			name = Debug;
		};
		F7A264CD218EFE9E00674D36 /* Release */ = {
			isa = XCBuildConfiguration;
			buildSettings = {
				ASSETCATALOG_COMPILER_APPICON_NAME = AppIcon;
				CODE_SIGN_STYLE = Automatic;
				DEVELOPMENT_TEAM = 85X7688G9T;
				INFOPLIST_FILE = XMTXCustomKeyBoard/Info.plist;
				IPHONEOS_DEPLOYMENT_TARGET = 8.0;
				LD_RUNPATH_SEARCH_PATHS = "$(inherited) @executable_path/Frameworks";
				PRODUCT_BUNDLE_IDENTIFIER = com.cgm.XMTXCustomKeyBoard;
				PRODUCT_NAME = "$(TARGET_NAME)";
				TARGETED_DEVICE_FAMILY = "1,2";
			};
			name = Release;
		};
		F7A264CF218EFE9E00674D36 /* Debug */ = {
			isa = XCBuildConfiguration;
			buildSettings = {
				BUNDLE_LOADER = "$(TEST_HOST)";
				CODE_SIGN_STYLE = Automatic;
				DEVELOPMENT_TEAM = HN267Y6RQZ;
				INFOPLIST_FILE = XMTXCustomKeyBoardTests/Info.plist;
				LD_RUNPATH_SEARCH_PATHS = "$(inherited) @executable_path/Frameworks @loader_path/Frameworks";
				PRODUCT_BUNDLE_IDENTIFIER = com.cgm.XMTXCustomKeyBoardTests;
				PRODUCT_NAME = "$(TARGET_NAME)";
				TARGETED_DEVICE_FAMILY = "1,2";
				TEST_HOST = "$(BUILT_PRODUCTS_DIR)/XMTXCustomKeyBoard.app/XMTXCustomKeyBoard";
			};
			name = Debug;
		};
		F7A264D0218EFE9E00674D36 /* Release */ = {
			isa = XCBuildConfiguration;
			buildSettings = {
				BUNDLE_LOADER = "$(TEST_HOST)";
				CODE_SIGN_STYLE = Automatic;
				DEVELOPMENT_TEAM = HN267Y6RQZ;
				INFOPLIST_FILE = XMTXCustomKeyBoardTests/Info.plist;
				LD_RUNPATH_SEARCH_PATHS = "$(inherited) @executable_path/Frameworks @loader_path/Frameworks";
				PRODUCT_BUNDLE_IDENTIFIER = com.cgm.XMTXCustomKeyBoardTests;
				PRODUCT_NAME = "$(TARGET_NAME)";
				TARGETED_DEVICE_FAMILY = "1,2";
				TEST_HOST = "$(BUILT_PRODUCTS_DIR)/XMTXCustomKeyBoard.app/XMTXCustomKeyBoard";
			};
			name = Release;
		};
		F7A264D2218EFE9E00674D36 /* Debug */ = {
			isa = XCBuildConfiguration;
			buildSettings = {
				CODE_SIGN_STYLE = Automatic;
				DEVELOPMENT_TEAM = HN267Y6RQZ;
				INFOPLIST_FILE = XMTXCustomKeyBoardUITests/Info.plist;
				LD_RUNPATH_SEARCH_PATHS = "$(inherited) @executable_path/Frameworks @loader_path/Frameworks";
				PRODUCT_BUNDLE_IDENTIFIER = com.cgm.XMTXCustomKeyBoardUITests;
				PRODUCT_NAME = "$(TARGET_NAME)";
				TARGETED_DEVICE_FAMILY = "1,2";
				TEST_TARGET_NAME = XMTXCustomKeyBoard;
			};
			name = Debug;
		};
		F7A264D3218EFE9E00674D36 /* Release */ = {
			isa = XCBuildConfiguration;
			buildSettings = {
				CODE_SIGN_STYLE = Automatic;
				DEVELOPMENT_TEAM = HN267Y6RQZ;
				INFOPLIST_FILE = XMTXCustomKeyBoardUITests/Info.plist;
				LD_RUNPATH_SEARCH_PATHS = "$(inherited) @executable_path/Frameworks @loader_path/Frameworks";
				PRODUCT_BUNDLE_IDENTIFIER = com.cgm.XMTXCustomKeyBoardUITests;
				PRODUCT_NAME = "$(TARGET_NAME)";
				TARGETED_DEVICE_FAMILY = "1,2";
				TEST_TARGET_NAME = XMTXCustomKeyBoard;
			};
			name = Release;
		};
/* End XCBuildConfiguration section */

/* Begin XCConfigurationList section */
		F7A2649A218EFE9E00674D36 /* Build configuration list for PBXProject "XMTXCustomKeyBoard" */ = {
			isa = XCConfigurationList;
			buildConfigurations = (
				F7A264C9218EFE9E00674D36 /* Debug */,
				F7A264CA218EFE9E00674D36 /* Release */,
			);
			defaultConfigurationIsVisible = 0;
			defaultConfigurationName = Release;
		};
		F7A264CB218EFE9E00674D36 /* Build configuration list for PBXNativeTarget "XMTXCustomKeyBoard" */ = {
			isa = XCConfigurationList;
			buildConfigurations = (
				F7A264CC218EFE9E00674D36 /* Debug */,
				F7A264CD218EFE9E00674D36 /* Release */,
			);
			defaultConfigurationIsVisible = 0;
			defaultConfigurationName = Release;
		};
		F7A264CE218EFE9E00674D36 /* Build configuration list for PBXNativeTarget "XMTXCustomKeyBoardTests" */ = {
			isa = XCConfigurationList;
			buildConfigurations = (
				F7A264CF218EFE9E00674D36 /* Debug */,
				F7A264D0218EFE9E00674D36 /* Release */,
			);
			defaultConfigurationIsVisible = 0;
			defaultConfigurationName = Release;
		};
		F7A264D1218EFE9E00674D36 /* Build configuration list for PBXNativeTarget "XMTXCustomKeyBoardUITests" */ = {
			isa = XCConfigurationList;
			buildConfigurations = (
				F7A264D2218EFE9E00674D36 /* Debug */,
				F7A264D3218EFE9E00674D36 /* Release */,
			);
			defaultConfigurationIsVisible = 0;
			defaultConfigurationName = Release;
		};
/* End XCConfigurationList section */
	};
	rootObject = F7A26497218EFE9E00674D36 /* Project object */;
}
